// !$*UTF8*$!
{
	archiveVersion = 1;
	classes = {
	};
	objectVersion = 51;
	objects = {

/* Begin PBXBuildFile section */
		A751DFDE232045330094FAC0 /* RegionCollectionViewCell.swift in Sources */ = {isa = PBXBuildFile; fileRef = A751DFDD232045330094FAC0 /* RegionCollectionViewCell.swift */; };
		A77A68C423203AF4005EAC5A /* AppDelegate.swift in Sources */ = {isa = PBXBuildFile; fileRef = A77A68C323203AF4005EAC5A /* AppDelegate.swift */; };
		A77A68C623203AF4005EAC5A /* RegionViewController.swift in Sources */ = {isa = PBXBuildFile; fileRef = A77A68C523203AF4005EAC5A /* RegionViewController.swift */; };
		A77A68C923203AF4005EAC5A /* Main.storyboard in Resources */ = {isa = PBXBuildFile; fileRef = A77A68C723203AF4005EAC5A /* Main.storyboard */; };
		A77A68CB23203AF5005EAC5A /* Assets.xcassets in Resources */ = {isa = PBXBuildFile; fileRef = A77A68CA23203AF5005EAC5A /* Assets.xcassets */; };
		A77A68CE23203AF5005EAC5A /* LaunchScreen.storyboard in Resources */ = {isa = PBXBuildFile; fileRef = A77A68CC23203AF5005EAC5A /* LaunchScreen.storyboard */; };
		A7E70DBF2321594300EFD8B0 /* CountriesViewController.swift in Sources */ = {isa = PBXBuildFile; fileRef = A7E70DBE2321594300EFD8B0 /* CountriesViewController.swift */; };
		A7E70DC5232159CF00EFD8B0 /* CountriesCollectionViewCell.swift in Sources */ = {isa = PBXBuildFile; fileRef = A7E70DC4232159CF00EFD8B0 /* CountriesCollectionViewCell.swift */; };
		A7E70DC82321600B00EFD8B0 /* NetworkManager.swift in Sources */ = {isa = PBXBuildFile; fileRef = A7E70DC72321600B00EFD8B0 /* NetworkManager.swift */; };
		A7E70DCC232172A000EFD8B0 /* RegionsEnum.swift in Sources */ = {isa = PBXBuildFile; fileRef = A7E70DCB232172A000EFD8B0 /* RegionsEnum.swift */; };
		A7E70DCF2321780A00EFD8B0 /* CountryModel.swift in Sources */ = {isa = PBXBuildFile; fileRef = A7E70DCE2321780A00EFD8B0 /* CountryModel.swift */; };
		A7E70DD323217FD200EFD8B0 /* CurrencyModel.swift in Sources */ = {isa = PBXBuildFile; fileRef = A7E70DD223217FD200EFD8B0 /* CurrencyModel.swift */; };
		A7E70DD72321803C00EFD8B0 /* LanguageModel.swift in Sources */ = {isa = PBXBuildFile; fileRef = A7E70DD62321803C00EFD8B0 /* LanguageModel.swift */; };
		A7FE91392323FAC40052348F /* FlagImage.swift in Sources */ = {isa = PBXBuildFile; fileRef = A7FE91382323FAC40052348F /* FlagImage.swift */; };
		A8DEE70A6A0B4A5A7B751C90 /* Pods_SimpleCustoms.framework in Frameworks */ = {isa = PBXBuildFile; fileRef = A6ABE5E1E6A12816E6023EAC /* Pods_SimpleCustoms.framework */; };
/* End PBXBuildFile section */

/* Begin PBXFileReference section */
		0D92F1305BE417653EA07745 /* Pods-SimpleCustoms.debug.xcconfig */ = {isa = PBXFileReference; includeInIndex = 1; lastKnownFileType = text.xcconfig; name = "Pods-SimpleCustoms.debug.xcconfig"; path = "Target Support Files/Pods-SimpleCustoms/Pods-SimpleCustoms.debug.xcconfig"; sourceTree = "<group>"; };
		2818C78512A0C001CA6E5E82 /* Pods-SimpleCustoms.release.xcconfig */ = {isa = PBXFileReference; includeInIndex = 1; lastKnownFileType = text.xcconfig; name = "Pods-SimpleCustoms.release.xcconfig"; path = "Target Support Files/Pods-SimpleCustoms/Pods-SimpleCustoms.release.xcconfig"; sourceTree = "<group>"; };
		A6ABE5E1E6A12816E6023EAC /* Pods_SimpleCustoms.framework */ = {isa = PBXFileReference; explicitFileType = wrapper.framework; includeInIndex = 0; path = Pods_SimpleCustoms.framework; sourceTree = BUILT_PRODUCTS_DIR; };
		A751DFDD232045330094FAC0 /* RegionCollectionViewCell.swift */ = {isa = PBXFileReference; lastKnownFileType = sourcecode.swift; name = RegionCollectionViewCell.swift; path = SimpleCustoms/RegionScreen/View/RegionCollectionViewCell.swift; sourceTree = SOURCE_ROOT; };
		A77A68C023203AF4005EAC5A /* SimpleCustoms.app */ = {isa = PBXFileReference; explicitFileType = wrapper.application; includeInIndex = 0; path = SimpleCustoms.app; sourceTree = BUILT_PRODUCTS_DIR; };
		A77A68C323203AF4005EAC5A /* AppDelegate.swift */ = {isa = PBXFileReference; lastKnownFileType = sourcecode.swift; path = AppDelegate.swift; sourceTree = "<group>"; };
		A77A68C523203AF4005EAC5A /* RegionViewController.swift */ = {isa = PBXFileReference; lastKnownFileType = sourcecode.swift; path = RegionViewController.swift; sourceTree = "<group>"; };
		A77A68C823203AF4005EAC5A /* Base */ = {isa = PBXFileReference; lastKnownFileType = file.storyboard; name = Base; path = Base.lproj/Main.storyboard; sourceTree = "<group>"; };
		A77A68CA23203AF5005EAC5A /* Assets.xcassets */ = {isa = PBXFileReference; lastKnownFileType = folder.assetcatalog; path = Assets.xcassets; sourceTree = "<group>"; };
		A77A68CD23203AF5005EAC5A /* Base */ = {isa = PBXFileReference; lastKnownFileType = file.storyboard; name = Base; path = Base.lproj/LaunchScreen.storyboard; sourceTree = "<group>"; };
		A77A68CF23203AF5005EAC5A /* Info.plist */ = {isa = PBXFileReference; lastKnownFileType = text.plist.xml; path = Info.plist; sourceTree = "<group>"; };
		A7E70DBE2321594300EFD8B0 /* CountriesViewController.swift */ = {isa = PBXFileReference; lastKnownFileType = sourcecode.swift; path = CountriesViewController.swift; sourceTree = "<group>"; };
		A7E70DC4232159CF00EFD8B0 /* CountriesCollectionViewCell.swift */ = {isa = PBXFileReference; lastKnownFileType = sourcecode.swift; path = CountriesCollectionViewCell.swift; sourceTree = "<group>"; };
		A7E70DC72321600B00EFD8B0 /* NetworkManager.swift */ = {isa = PBXFileReference; lastKnownFileType = sourcecode.swift; path = NetworkManager.swift; sourceTree = "<group>"; };
		A7E70DCB232172A000EFD8B0 /* RegionsEnum.swift */ = {isa = PBXFileReference; lastKnownFileType = sourcecode.swift; path = RegionsEnum.swift; sourceTree = "<group>"; };
		A7E70DCE2321780A00EFD8B0 /* CountryModel.swift */ = {isa = PBXFileReference; lastKnownFileType = sourcecode.swift; path = CountryModel.swift; sourceTree = "<group>"; };
		A7E70DD223217FD200EFD8B0 /* CurrencyModel.swift */ = {isa = PBXFileReference; lastKnownFileType = sourcecode.swift; path = CurrencyModel.swift; sourceTree = "<group>"; };
		A7E70DD62321803C00EFD8B0 /* LanguageModel.swift */ = {isa = PBXFileReference; lastKnownFileType = sourcecode.swift; path = LanguageModel.swift; sourceTree = "<group>"; };
		A7FE91382323FAC40052348F /* FlagImage.swift */ = {isa = PBXFileReference; lastKnownFileType = sourcecode.swift; path = FlagImage.swift; sourceTree = "<group>"; };
/* End PBXFileReference section */

/* Begin PBXFrameworksBuildPhase section */
		A77A68BD23203AF4005EAC5A /* Frameworks */ = {
			isa = PBXFrameworksBuildPhase;
			buildActionMask = 2147483647;
			files = (
				A8DEE70A6A0B4A5A7B751C90 /* Pods_SimpleCustoms.framework in Frameworks */,
			);
			runOnlyForDeploymentPostprocessing = 0;
		};
/* End PBXFrameworksBuildPhase section */

/* Begin PBXGroup section */
		4713B9398CD7E5B16DDE1878 /* Pods */ = {
			isa = PBXGroup;
			children = (
				0D92F1305BE417653EA07745 /* Pods-SimpleCustoms.debug.xcconfig */,
				2818C78512A0C001CA6E5E82 /* Pods-SimpleCustoms.release.xcconfig */,
			);
			path = Pods;
			sourceTree = "<group>";
		};
		A751DFDC232044F20094FAC0 /* Controller */ = {
			isa = PBXGroup;
			children = (
				A77A68C523203AF4005EAC5A /* RegionViewController.swift */,
			);
			path = Controller;
			sourceTree = "<group>";
		};
		A751DFDF2320453A0094FAC0 /* View */ = {
			isa = PBXGroup;
			children = (
				A751DFDD232045330094FAC0 /* RegionCollectionViewCell.swift */,
			);
			path = View;
			sourceTree = "<group>";
		};
		A77A68B723203AF4005EAC5A = {
			isa = PBXGroup;
			children = (
				A77A68C223203AF4005EAC5A /* SimpleCustoms */,
				A77A68C123203AF4005EAC5A /* Products */,
				4713B9398CD7E5B16DDE1878 /* Pods */,
				D43198F19DAFDC7FA0E0D43B /* Frameworks */,
			);
			sourceTree = "<group>";
		};
		A77A68C123203AF4005EAC5A /* Products */ = {
			isa = PBXGroup;
			children = (
				A77A68C023203AF4005EAC5A /* SimpleCustoms.app */,
			);
			name = Products;
			sourceTree = "<group>";
		};
		A77A68C223203AF4005EAC5A /* SimpleCustoms */ = {
			isa = PBXGroup;
			children = (
				A77A68C323203AF4005EAC5A /* AppDelegate.swift */,
				A77A68C723203AF4005EAC5A /* Main.storyboard */,
				A77A68D72320449F005EAC5A /* RegionScreen */,
				A7E70DC02321595400EFD8B0 /* Countries */,
				A7E70DC623215FE900EFD8B0 /* NetworkService */,
				A77A68CA23203AF5005EAC5A /* Assets.xcassets */,
				A77A68CC23203AF5005EAC5A /* LaunchScreen.storyboard */,
				A77A68CF23203AF5005EAC5A /* Info.plist */,
			);
			path = SimpleCustoms;
			sourceTree = "<group>";
		};
		A77A68D72320449F005EAC5A /* RegionScreen */ = {
			isa = PBXGroup;
			children = (
				A7E70DCA2321728200EFD8B0 /* Model */,
				A751DFDF2320453A0094FAC0 /* View */,
				A751DFDC232044F20094FAC0 /* Controller */,
			);
			path = RegionScreen;
			sourceTree = "<group>";
		};
		A7E70DC02321595400EFD8B0 /* Countries */ = {
			isa = PBXGroup;
			children = (
				A7E70DCD232177FA00EFD8B0 /* Model */,
				A7E70DC3232159B600EFD8B0 /* View */,
				A7E70DC1232159A100EFD8B0 /* Controller */,
			);
			path = Countries;
			sourceTree = "<group>";
		};
		A7E70DC1232159A100EFD8B0 /* Controller */ = {
			isa = PBXGroup;
			children = (
				A7E70DBE2321594300EFD8B0 /* CountriesViewController.swift */,
			);
			path = Controller;
			sourceTree = "<group>";
		};
		A7E70DC3232159B600EFD8B0 /* View */ = {
			isa = PBXGroup;
			children = (
				A7E70DC4232159CF00EFD8B0 /* CountriesCollectionViewCell.swift */,
			);
			path = View;
			sourceTree = "<group>";
		};
		A7E70DC623215FE900EFD8B0 /* NetworkService */ = {
			isa = PBXGroup;
			children = (
				A7E70DC72321600B00EFD8B0 /* NetworkManager.swift */,
			);
			path = NetworkService;
			sourceTree = "<group>";
		};
		A7E70DCA2321728200EFD8B0 /* Model */ = {
			isa = PBXGroup;
			children = (
				A7E70DCB232172A000EFD8B0 /* RegionsEnum.swift */,
			);
			path = Model;
			sourceTree = "<group>";
		};
		A7E70DCD232177FA00EFD8B0 /* Model */ = {
			isa = PBXGroup;
			children = (
				A7E70DCE2321780A00EFD8B0 /* CountryModel.swift */,
				A7FE91372323FAA70052348F /* FlagImage */,
				A7E70DD52321801900EFD8B0 /* Languages */,
				A7E70DD423217FE100EFD8B0 /* Currency */,
			);
			path = Model;
			sourceTree = "<group>";
		};
		A7E70DD423217FE100EFD8B0 /* Currency */ = {
			isa = PBXGroup;
			children = (
				A7E70DD223217FD200EFD8B0 /* CurrencyModel.swift */,
			);
			path = Currency;
			sourceTree = "<group>";
		};
		A7E70DD52321801900EFD8B0 /* Languages */ = {
			isa = PBXGroup;
			children = (
				A7E70DD62321803C00EFD8B0 /* LanguageModel.swift */,
			);
			path = Languages;
			sourceTree = "<group>";
		};
		A7FE91372323FAA70052348F /* FlagImage */ = {
			isa = PBXGroup;
			children = (
				A7FE91382323FAC40052348F /* FlagImage.swift */,
			);
			path = FlagImage;
			sourceTree = "<group>";
		};
		D43198F19DAFDC7FA0E0D43B /* Frameworks */ = {
			isa = PBXGroup;
			children = (
				A6ABE5E1E6A12816E6023EAC /* Pods_SimpleCustoms.framework */,
			);
			name = Frameworks;
			sourceTree = "<group>";
		};
/* End PBXGroup section */

/* Begin PBXNativeTarget section */
		A77A68BF23203AF4005EAC5A /* SimpleCustoms */ = {
			isa = PBXNativeTarget;
			buildConfigurationList = A77A68D223203AF5005EAC5A /* Build configuration list for PBXNativeTarget "SimpleCustoms" */;
			buildPhases = (
				4F8D98FE649486CED60C2399 /* [CP] Check Pods Manifest.lock */,
				A77A68BC23203AF4005EAC5A /* Sources */,
				A77A68BD23203AF4005EAC5A /* Frameworks */,
				A77A68BE23203AF4005EAC5A /* Resources */,
				63FF78BB1D5B6FDE89261AC6 /* [CP] Embed Pods Frameworks */,
			);
			buildRules = (
			);
			dependencies = (
			);
			name = SimpleCustoms;
			productName = SimpleCustoms;
			productReference = A77A68C023203AF4005EAC5A /* SimpleCustoms.app */;
			productType = "com.apple.product-type.application";
		};
/* End PBXNativeTarget section */

/* Begin PBXProject section */
		A77A68B823203AF4005EAC5A /* Project object */ = {
			isa = PBXProject;
			attributes = {
				LastSwiftUpdateCheck = 1030;
				LastUpgradeCheck = 1030;
				ORGANIZATIONNAME = "Газияв Исхаков";
				TargetAttributes = {
					A77A68BF23203AF4005EAC5A = {
						CreatedOnToolsVersion = 10.3;
					};
				};
			};
			buildConfigurationList = A77A68BB23203AF4005EAC5A /* Build configuration list for PBXProject "SimpleCustoms" */;
			compatibilityVersion = "Xcode 9.3";
			developmentRegion = en;
			hasScannedForEncodings = 0;
			knownRegions = (
				en,
				Base,
			);
			mainGroup = A77A68B723203AF4005EAC5A;
			productRefGroup = A77A68C123203AF4005EAC5A /* Products */;
			projectDirPath = "";
			projectRoot = "";
			targets = (
				A77A68BF23203AF4005EAC5A /* SimpleCustoms */,
			);
		};
/* End PBXProject section */

/* Begin PBXResourcesBuildPhase section */
		A77A68BE23203AF4005EAC5A /* Resources */ = {
			isa = PBXResourcesBuildPhase;
			buildActionMask = 2147483647;
			files = (
				A77A68CE23203AF5005EAC5A /* LaunchScreen.storyboard in Resources */,
				A77A68CB23203AF5005EAC5A /* Assets.xcassets in Resources */,
				A77A68C923203AF4005EAC5A /* Main.storyboard in Resources */,
			);
			runOnlyForDeploymentPostprocessing = 0;
		};
/* End PBXResourcesBuildPhase section */

/* Begin PBXShellScriptBuildPhase section */
		4F8D98FE649486CED60C2399 /* [CP] Check Pods Manifest.lock */ = {
			isa = PBXShellScriptBuildPhase;
			buildActionMask = 2147483647;
			files = (
			);
			inputFileListPaths = (
			);
			inputPaths = (
				"${PODS_PODFILE_DIR_PATH}/Podfile.lock",
				"${PODS_ROOT}/Manifest.lock",
			);
			name = "[CP] Check Pods Manifest.lock";
			outputFileListPaths = (
			);
			outputPaths = (
				"$(DERIVED_FILE_DIR)/Pods-SimpleCustoms-checkManifestLockResult.txt",
			);
			runOnlyForDeploymentPostprocessing = 0;
			shellPath = /bin/sh;
			shellScript = "diff \"${PODS_PODFILE_DIR_PATH}/Podfile.lock\" \"${PODS_ROOT}/Manifest.lock\" > /dev/null\nif [ $? != 0 ] ; then\n    # print error to STDERR\n    echo \"error: The sandbox is not in sync with the Podfile.lock. Run 'pod install' or update your CocoaPods installation.\" >&2\n    exit 1\nfi\n# This output is used by Xcode 'outputs' to avoid re-running this script phase.\necho \"SUCCESS\" > \"${SCRIPT_OUTPUT_FILE_0}\"\n";
			showEnvVarsInLog = 0;
		};
		63FF78BB1D5B6FDE89261AC6 /* [CP] Embed Pods Frameworks */ = {
			isa = PBXShellScriptBuildPhase;
			buildActionMask = 2147483647;
			files = (
			);
			inputFileListPaths = (
				"${PODS_ROOT}/Target Support Files/Pods-SimpleCustoms/Pods-SimpleCustoms-frameworks-${CONFIGURATION}-input-files.xcfilelist",
			);
			name = "[CP] Embed Pods Frameworks";
			outputFileListPaths = (
				"${PODS_ROOT}/Target Support Files/Pods-SimpleCustoms/Pods-SimpleCustoms-frameworks-${CONFIGURATION}-output-files.xcfilelist",
			);
			runOnlyForDeploymentPostprocessing = 0;
			shellPath = /bin/sh;
			shellScript = "\"${PODS_ROOT}/Target Support Files/Pods-SimpleCustoms/Pods-SimpleCustoms-frameworks.sh\"\n";
			showEnvVarsInLog = 0;
		};
/* End PBXShellScriptBuildPhase section */

/* Begin PBXSourcesBuildPhase section */
		A77A68BC23203AF4005EAC5A /* Sources */ = {
			isa = PBXSourcesBuildPhase;
			buildActionMask = 2147483647;
			files = (
				A7E70DCC232172A000EFD8B0 /* RegionsEnum.swift in Sources */,
				A7E70DC82321600B00EFD8B0 /* NetworkManager.swift in Sources */,
				A7E70DCF2321780A00EFD8B0 /* CountryModel.swift in Sources */,
				A77A68C623203AF4005EAC5A /* RegionViewController.swift in Sources */,
				A77A68C423203AF4005EAC5A /* AppDelegate.swift in Sources */,
				A751DFDE232045330094FAC0 /* RegionCollectionViewCell.swift in Sources */,
				A7FE91392323FAC40052348F /* FlagImage.swift in Sources */,
				A7E70DBF2321594300EFD8B0 /* CountriesViewController.swift in Sources */,
				A7E70DD323217FD200EFD8B0 /* CurrencyModel.swift in Sources */,
				A7E70DC5232159CF00EFD8B0 /* CountriesCollectionViewCell.swift in Sources */,
				A7E70DD72321803C00EFD8B0 /* LanguageModel.swift in Sources */,
			);
			runOnlyForDeploymentPostprocessing = 0;
		};
/* End PBXSourcesBuildPhase section */

/* Begin PBXVariantGroup section */
		A77A68C723203AF4005EAC5A /* Main.storyboard */ = {
			isa = PBXVariantGroup;
			children = (
				A77A68C823203AF4005EAC5A /* Base */,
			);
			name = Main.storyboard;
			sourceTree = "<group>";
		};
		A77A68CC23203AF5005EAC5A /* LaunchScreen.storyboard */ = {
			isa = PBXVariantGroup;
			children = (
				A77A68CD23203AF5005EAC5A /* Base */,
			);
			name = LaunchScreen.storyboard;
			sourceTree = "<group>";
		};
/* End PBXVariantGroup section */

/* Begin XCBuildConfiguration section */
		A77A68D023203AF5005EAC5A /* Debug */ = {
			isa = XCBuildConfiguration;
			buildSettings = {
				ALWAYS_SEARCH_USER_PATHS = NO;
				CLANG_ANALYZER_NONNULL = YES;
				CLANG_ANALYZER_NUMBER_OBJECT_CONVERSION = YES_AGGRESSIVE;
				CLANG_CXX_LANGUAGE_STANDARD = "gnu++14";
				CLANG_CXX_LIBRARY = "libc++";
				CLANG_ENABLE_MODULES = YES;
				CLANG_ENABLE_OBJC_ARC = YES;
				CLANG_ENABLE_OBJC_WEAK = YES;
				CLANG_WARN_BLOCK_CAPTURE_AUTORELEASING = YES;
				CLANG_WARN_BOOL_CONVERSION = YES;
				CLANG_WARN_COMMA = YES;
				CLANG_WARN_CONSTANT_CONVERSION = YES;
				CLANG_WARN_DEPRECATED_OBJC_IMPLEMENTATIONS = YES;
				CLANG_WARN_DIRECT_OBJC_ISA_USAGE = YES_ERROR;
				CLANG_WARN_DOCUMENTATION_COMMENTS = YES;
				CLANG_WARN_EMPTY_BODY = YES;
				CLANG_WARN_ENUM_CONVERSION = YES;
				CLANG_WARN_INFINITE_RECURSION = YES;
				CLANG_WARN_INT_CONVERSION = YES;
				CLANG_WARN_NON_LITERAL_NULL_CONVERSION = YES;
				CLANG_WARN_OBJC_IMPLICIT_RETAIN_SELF = YES;
				CLANG_WARN_OBJC_LITERAL_CONVERSION = YES;
				CLANG_WARN_OBJC_ROOT_CLASS = YES_ERROR;
				CLANG_WARN_RANGE_LOOP_ANALYSIS = YES;
				CLANG_WARN_STRICT_PROTOTYPES = YES;
				CLANG_WARN_SUSPICIOUS_MOVE = YES;
				CLANG_WARN_UNGUARDED_AVAILABILITY = YES_AGGRESSIVE;
				CLANG_WARN_UNREACHABLE_CODE = YES;
				CLANG_WARN__DUPLICATE_METHOD_MATCH = YES;
				CODE_SIGN_IDENTITY = "iPhone Developer";
				COPY_PHASE_STRIP = NO;
				DEBUG_INFORMATION_FORMAT = dwarf;
				ENABLE_STRICT_OBJC_MSGSEND = YES;
				ENABLE_TESTABILITY = YES;
				GCC_C_LANGUAGE_STANDARD = gnu11;
				GCC_DYNAMIC_NO_PIC = NO;
				GCC_NO_COMMON_BLOCKS = YES;
				GCC_OPTIMIZATION_LEVEL = 0;
				GCC_PREPROCESSOR_DEFINITIONS = (
					"DEBUG=1",
					"$(inherited)",
				);
				GCC_WARN_64_TO_32_BIT_CONVERSION = YES;
				GCC_WARN_ABOUT_RETURN_TYPE = YES_ERROR;
				GCC_WARN_UNDECLARED_SELECTOR = YES;
				GCC_WARN_UNINITIALIZED_AUTOS = YES_AGGRESSIVE;
				GCC_WARN_UNUSED_FUNCTION = YES;
				GCC_WARN_UNUSED_VARIABLE = YES;
				IPHONEOS_DEPLOYMENT_TARGET = 12.4;
				MTL_ENABLE_DEBUG_INFO = INCLUDE_SOURCE;
				MTL_FAST_MATH = YES;
				ONLY_ACTIVE_ARCH = YES;
				SDKROOT = iphoneos;
				SWIFT_ACTIVE_COMPILATION_CONDITIONS = DEBUG;
				SWIFT_OPTIMIZATION_LEVEL = "-Onone";
			};
			name = Debug;
		};
		A77A68D123203AF5005EAC5A /* Release */ = {
			isa = XCBuildConfiguration;
			buildSettings = {
				ALWAYS_SEARCH_USER_PATHS = NO;
				CLANG_ANALYZER_NONNULL = YES;
				CLANG_ANALYZER_NUMBER_OBJECT_CONVERSION = YES_AGGRESSIVE;
				CLANG_CXX_LANGUAGE_STANDARD = "gnu++14";
				CLANG_CXX_LIBRARY = "libc++";
				CLANG_ENABLE_MODULES = YES;
				CLANG_ENABLE_OBJC_ARC = YES;
				CLANG_ENABLE_OBJC_WEAK = YES;
				CLANG_WARN_BLOCK_CAPTURE_AUTORELEASING = YES;
				CLANG_WARN_BOOL_CONVERSION = YES;
				CLANG_WARN_COMMA = YES;
				CLANG_WARN_CONSTANT_CONVERSION = YES;
				CLANG_WARN_DEPRECATED_OBJC_IMPLEMENTATIONS = YES;
				CLANG_WARN_DIRECT_OBJC_ISA_USAGE = YES_ERROR;
				CLANG_WARN_DOCUMENTATION_COMMENTS = YES;
				CLANG_WARN_EMPTY_BODY = YES;
				CLANG_WARN_ENUM_CONVERSION = YES;
				CLANG_WARN_INFINITE_RECURSION = YES;
				CLANG_WARN_INT_CONVERSION = YES;
				CLANG_WARN_NON_LITERAL_NULL_CONVERSION = YES;
				CLANG_WARN_OBJC_IMPLICIT_RETAIN_SELF = YES;
				CLANG_WARN_OBJC_LITERAL_CONVERSION = YES;
				CLANG_WARN_OBJC_ROOT_CLASS = YES_ERROR;
				CLANG_WARN_RANGE_LOOP_ANALYSIS = YES;
				CLANG_WARN_STRICT_PROTOTYPES = YES;
				CLANG_WARN_SUSPICIOUS_MOVE = YES;
				CLANG_WARN_UNGUARDED_AVAILABILITY = YES_AGGRESSIVE;
				CLANG_WARN_UNREACHABLE_CODE = YES;
				CLANG_WARN__DUPLICATE_METHOD_MATCH = YES;
				CODE_SIGN_IDENTITY = "iPhone Developer";
				COPY_PHASE_STRIP = NO;
				DEBUG_INFORMATION_FORMAT = "dwarf-with-dsym";
				ENABLE_NS_ASSERTIONS = NO;
				ENABLE_STRICT_OBJC_MSGSEND = YES;
				GCC_C_LANGUAGE_STANDARD = gnu11;
				GCC_NO_COMMON_BLOCKS = YES;
				GCC_WARN_64_TO_32_BIT_CONVERSION = YES;
				GCC_WARN_ABOUT_RETURN_TYPE = YES_ERROR;
				GCC_WARN_UNDECLARED_SELECTOR = YES;
				GCC_WARN_UNINITIALIZED_AUTOS = YES_AGGRESSIVE;
				GCC_WARN_UNUSED_FUNCTION = YES;
				GCC_WARN_UNUSED_VARIABLE = YES;
				IPHONEOS_DEPLOYMENT_TARGET = 12.4;
				MTL_ENABLE_DEBUG_INFO = NO;
				MTL_FAST_MATH = YES;
				SDKROOT = iphoneos;
				SWIFT_COMPILATION_MODE = wholemodule;
				SWIFT_OPTIMIZATION_LEVEL = "-O";
				VALIDATE_PRODUCT = YES;
			};
			name = Release;
		};
		A77A68D323203AF5005EAC5A /* Debug */ = {
			isa = XCBuildConfiguration;
			baseConfigurationReference = 0D92F1305BE417653EA07745 /* Pods-SimpleCustoms.debug.xcconfig */;
			buildSettings = {
				ASSETCATALOG_COMPILER_APPICON_NAME = AppIcon;
				CODE_SIGN_STYLE = Automatic;
				DEVELOPMENT_TEAM = UC886LLHAM;
				INFOPLIST_FILE = SimpleCustoms/Info.plist;
				LD_RUNPATH_SEARCH_PATHS = (
					"$(inherited)",
					"@executable_path/Frameworks",
				);
				PRODUCT_BUNDLE_IDENTIFIER = ru.gazya.SimpleCustoms;
				PRODUCT_NAME = "$(TARGET_NAME)";
				SWIFT_VERSION = 5.0;
				TARGETED_DEVICE_FAMILY = "1,2";
			};
			name = Debug;
		};
		A77A68D423203AF5005EAC5A /* Release */ = {
			isa = XCBuildConfiguration;
			baseConfigurationReference = 2818C78512A0C001CA6E5E82 /* Pods-SimpleCustoms.release.xcconfig */;
			buildSettings = {
				ASSETCATALOG_COMPILER_APPICON_NAME = AppIcon;
				CODE_SIGN_STYLE = Automatic;
				DEVELOPMENT_TEAM = UC886LLHAM;
				INFOPLIST_FILE = SimpleCustoms/Info.plist;
				LD_RUNPATH_SEARCH_PATHS = (
					"$(inherited)",
					"@executable_path/Frameworks",
				);
				PRODUCT_BUNDLE_IDENTIFIER = ru.gazya.SimpleCustoms;
				PRODUCT_NAME = "$(TARGET_NAME)";
				SWIFT_VERSION = 5.0;
				TARGETED_DEVICE_FAMILY = "1,2";
			};
			name = Release;
		};
/* End XCBuildConfiguration section */

/* Begin XCConfigurationList section */
		A77A68BB23203AF4005EAC5A /* Build configuration list for PBXProject "SimpleCustoms" */ = {
			isa = XCConfigurationList;
			buildConfigurations = (
				A77A68D023203AF5005EAC5A /* Debug */,
				A77A68D123203AF5005EAC5A /* Release */,
			);
			defaultConfigurationIsVisible = 0;
			defaultConfigurationName = Release;
		};
		A77A68D223203AF5005EAC5A /* Build configuration list for PBXNativeTarget "SimpleCustoms" */ = {
			isa = XCConfigurationList;
			buildConfigurations = (
				A77A68D323203AF5005EAC5A /* Debug */,
				A77A68D423203AF5005EAC5A /* Release */,
			);
			defaultConfigurationIsVisible = 0;
			defaultConfigurationName = Release;
		};
/* End XCConfigurationList section */
	};
	rootObject = A77A68B823203AF4005EAC5A /* Project object */;
}
