// !$*UTF8*$!
{
	archiveVersion = 1;
	classes = {
	};
	objectVersion = 51;
	objects = {

/* Begin PBXBuildFile section */
		A71C84EE239AADD800EDFA67 /* GoodsChoosingAlert.xib in Resources */ = {isa = PBXBuildFile; fileRef = A71C84ED239AADD800EDFA67 /* GoodsChoosingAlert.xib */; };
		A71C84F2239AB86A00EDFA67 /* GoodsChoosingAlert.swift in Sources */ = {isa = PBXBuildFile; fileRef = A71C84F1239AB86A00EDFA67 /* GoodsChoosingAlert.swift */; };
		A72EBA63239160F2002DA3F0 /* 3003-bouncy-balls.json in Resources */ = {isa = PBXBuildFile; fileRef = A72EBA62239160F2002DA3F0 /* 3003-bouncy-balls.json */; };
		A73AA33A23E4343300D0624B /* CountriesPresenter.swift in Sources */ = {isa = PBXBuildFile; fileRef = A73AA33423E4343300D0624B /* CountriesPresenter.swift */; };
		A73AA33B23E4343300D0624B /* CountriesRouter.swift in Sources */ = {isa = PBXBuildFile; fileRef = A73AA33523E4343300D0624B /* CountriesRouter.swift */; };
		A73AA33C23E4343300D0624B /* CountriesViewController.swift in Sources */ = {isa = PBXBuildFile; fileRef = A73AA33623E4343300D0624B /* CountriesViewController.swift */; };
		A73AA33D23E4343300D0624B /* InteractorOutputInput.swift in Sources */ = {isa = PBXBuildFile; fileRef = A73AA33723E4343300D0624B /* InteractorOutputInput.swift */; };
		A73AA33E23E4343300D0624B /* CountriesInteractor.swift in Sources */ = {isa = PBXBuildFile; fileRef = A73AA33823E4343300D0624B /* CountriesInteractor.swift */; };
		A73AA34523E4572800D0624B /* SearchStateDataProtocol.swift in Sources */ = {isa = PBXBuildFile; fileRef = A73AA34423E4572800D0624B /* SearchStateDataProtocol.swift */; };
		A73AA34923E46BA100D0624B /* CountriesViewInput.swift in Sources */ = {isa = PBXBuildFile; fileRef = A73AA34823E46BA100D0624B /* CountriesViewInput.swift */; };
		A73AA34C23E46CC200D0624B /* CountriesRouterInput.swift in Sources */ = {isa = PBXBuildFile; fileRef = A73AA34B23E46CC200D0624B /* CountriesRouterInput.swift */; };
		A73AA34F23E46D7100D0624B /* CountriesPresenterOutput.swift in Sources */ = {isa = PBXBuildFile; fileRef = A73AA34E23E46D7100D0624B /* CountriesPresenterOutput.swift */; };
		A73AA35523E46E3D00D0624B /* Currencies.swift in Sources */ = {isa = PBXBuildFile; fileRef = A73AA35423E46E3D00D0624B /* Currencies.swift */; };
		A73AA35723E46E5300D0624B /* Languages.swift in Sources */ = {isa = PBXBuildFile; fileRef = A73AA35623E46E5300D0624B /* Languages.swift */; };
		A73AA35A23E46E9200D0624B /* Regions.swift in Sources */ = {isa = PBXBuildFile; fileRef = A73AA35923E46E9200D0624B /* Regions.swift */; };
		A73E6B4823EAF20300A48AA8 /* CustomsPresenter.swift in Sources */ = {isa = PBXBuildFile; fileRef = A73E6B4223EAF20300A48AA8 /* CustomsPresenter.swift */; };
		A73E6B4923EAF20300A48AA8 /* CustomsRouter.swift in Sources */ = {isa = PBXBuildFile; fileRef = A73E6B4323EAF20300A48AA8 /* CustomsRouter.swift */; };
		A73E6B4A23EAF20300A48AA8 /* CustomsViewController.swift in Sources */ = {isa = PBXBuildFile; fileRef = A73E6B4423EAF20300A48AA8 /* CustomsViewController.swift */; };
		A73E6B4B23EAF20300A48AA8 /* CustomsProtocols.swift in Sources */ = {isa = PBXBuildFile; fileRef = A73E6B4523EAF20300A48AA8 /* CustomsProtocols.swift */; };
		A73E6B4C23EAF20300A48AA8 /* CustomsInteractor.swift in Sources */ = {isa = PBXBuildFile; fileRef = A73E6B4623EAF20300A48AA8 /* CustomsInteractor.swift */; };
		A73E6B5023EAF70700A48AA8 /* AppRouter.swift in Sources */ = {isa = PBXBuildFile; fileRef = A73E6B4F23EAF70700A48AA8 /* AppRouter.swift */; };
		A73E6B7023EC3B6000A48AA8 /* CountriesConfigurator.swift in Sources */ = {isa = PBXBuildFile; fileRef = A73E6B6F23EC3B6000A48AA8 /* CountriesConfigurator.swift */; };
		A73E6B7223EC411D00A48AA8 /* CustomsConfigurator.swift in Sources */ = {isa = PBXBuildFile; fileRef = A73E6B7123EC411D00A48AA8 /* CustomsConfigurator.swift */; };
		A73E6B7523EC426A00A48AA8 /* Containers.swift in Sources */ = {isa = PBXBuildFile; fileRef = A73E6B7423EC426A00A48AA8 /* Containers.swift */; };
		A73EC1BC2390552700CA9DB5 /* SearchStateDataProvider.swift in Sources */ = {isa = PBXBuildFile; fileRef = A73EC1BB2390552700CA9DB5 /* SearchStateDataProvider.swift */; };
		A75596C82386C2CF00DB3D26 /* MainTabBarController.swift in Sources */ = {isa = PBXBuildFile; fileRef = A75596C72386C2CF00DB3D26 /* MainTabBarController.swift */; };
		A75B350E239D3EDC00F1EA8F /* CurrencyChoosingView.swift in Sources */ = {isa = PBXBuildFile; fileRef = A75B350D239D3EDC00F1EA8F /* CurrencyChoosingView.swift */; };
		A75B3510239D68A300F1EA8F /* 4964-check-mark-success-animation.json in Resources */ = {isa = PBXBuildFile; fileRef = A75B350F239D68A200F1EA8F /* 4964-check-mark-success-animation.json */; };
		A75B3514239D8B1300F1EA8F /* CurrencyChoosingableViewCell.swift in Sources */ = {isa = PBXBuildFile; fileRef = A75B3512239D8B1300F1EA8F /* CurrencyChoosingableViewCell.swift */; };
		A75B3515239D8B1300F1EA8F /* CurrencyChoosingableViewCell.xib in Resources */ = {isa = PBXBuildFile; fileRef = A75B3513239D8B1300F1EA8F /* CurrencyChoosingableViewCell.xib */; };
		A75B3517239D90F400F1EA8F /* 1174-warning.json in Resources */ = {isa = PBXBuildFile; fileRef = A75B3516239D90F300F1EA8F /* 1174-warning.json */; };
		A75B3519239EDE6600F1EA8F /* Currency.swift in Sources */ = {isa = PBXBuildFile; fileRef = A75B3518239EDE6600F1EA8F /* Currency.swift */; };
		A7655FB323B7AAC100CD7120 /* SimpleCustomsTests.swift in Sources */ = {isa = PBXBuildFile; fileRef = A7655FB223B7AAC100CD7120 /* SimpleCustomsTests.swift */; };
		A773D41F232809E1008DA6BF /* CountryTableViewCell.swift in Sources */ = {isa = PBXBuildFile; fileRef = A773D41E232809E1008DA6BF /* CountryTableViewCell.swift */; };
		A7743AF9238B15530076A87D /* CustomsRulesView.swift in Sources */ = {isa = PBXBuildFile; fileRef = A7743AF8238B15530076A87D /* CustomsRulesView.swift */; };
		A7743AFC238B18010076A87D /* RulesCollectionViewCell.swift in Sources */ = {isa = PBXBuildFile; fileRef = A7743AFA238B18010076A87D /* RulesCollectionViewCell.swift */; };
		A77656F1234B93AA00F45031 /* default.realm in Resources */ = {isa = PBXBuildFile; fileRef = A77656EB234B8E7300F45031 /* default.realm */; };
		A7790323238AC03C00CD8FFE /* CountryDescriptionView.swift in Sources */ = {isa = PBXBuildFile; fileRef = A7790322238AC03C00CD8FFE /* CountryDescriptionView.swift */; };
		A7797F3623E82B1200503712 /* SimpleCustomsTarget.swift in Sources */ = {isa = PBXBuildFile; fileRef = A7797F3523E82B1200503712 /* SimpleCustomsTarget.swift */; };
		A77A68C423203AF4005EAC5A /* AppDelegate.swift in Sources */ = {isa = PBXBuildFile; fileRef = A77A68C323203AF4005EAC5A /* AppDelegate.swift */; };
		A77A68CB23203AF5005EAC5A /* Assets.xcassets in Resources */ = {isa = PBXBuildFile; fileRef = A77A68CA23203AF5005EAC5A /* Assets.xcassets */; };
		A77A68CE23203AF5005EAC5A /* LaunchScreen.storyboard in Resources */ = {isa = PBXBuildFile; fileRef = A77A68CC23203AF5005EAC5A /* LaunchScreen.storyboard */; };
		A7941127238AD8970001B402 /* DescriptionTableViewCell.swift in Sources */ = {isa = PBXBuildFile; fileRef = A7941126238AD8970001B402 /* DescriptionTableViewCell.swift */; };
		A797D0822347B6A400492849 /* DeclarantViewController.swift in Sources */ = {isa = PBXBuildFile; fileRef = A797D0812347B6A400492849 /* DeclarantViewController.swift */; };
		A797D08A2348EE6C00492849 /* GoodsWithLimitations.swift in Sources */ = {isa = PBXBuildFile; fileRef = A797D0892348EE6C00492849 /* GoodsWithLimitations.swift */; };
		A797D08C234A22DC00492849 /* CurrencyToFetch.swift in Sources */ = {isa = PBXBuildFile; fileRef = A797D08B234A22DC00492849 /* CurrencyToFetch.swift */; };
		A797D096234A2C5A00492849 /* CurrencyExchanger.swift in Sources */ = {isa = PBXBuildFile; fileRef = A797D095234A2C5A00492849 /* CurrencyExchanger.swift */; };
		A798F7422393F072006842AC /* CountryChooserTableViewCell.swift in Sources */ = {isa = PBXBuildFile; fileRef = A798F7402393F072006842AC /* CountryChooserTableViewCell.swift */; };
		A798F7452394016A006842AC /* TableViewController.swift in Sources */ = {isa = PBXBuildFile; fileRef = A798F7442394016A006842AC /* TableViewController.swift */; };
		A79FA05B238D9CF5008F8076 /* RegionView.swift in Sources */ = {isa = PBXBuildFile; fileRef = A79FA05A238D9CF5008F8076 /* RegionView.swift */; };
		A79FA05D238D9D9D008F8076 /* RegionCollectionViewCell.swift in Sources */ = {isa = PBXBuildFile; fileRef = A79FA05C238D9D9D008F8076 /* RegionCollectionViewCell.swift */; };
		A7A50BC1233A5BF100C8624C /* CustomsRules.swift in Sources */ = {isa = PBXBuildFile; fileRef = A7A50BC0233A5BF100C8624C /* CustomsRules.swift */; };
		A7A50BC3233A6F6700C8624C /* RealmManager.swift in Sources */ = {isa = PBXBuildFile; fileRef = A7A50BC2233A6F6700C8624C /* RealmManager.swift */; };
		A7B31DF92340D46200FBC4F8 /* Extensions.swift in Sources */ = {isa = PBXBuildFile; fileRef = A7B31DF82340D46200FBC4F8 /* Extensions.swift */; };
		A7B9308D23954E2400011BDA /* CountryChooserTableViewCell.xib in Resources */ = {isa = PBXBuildFile; fileRef = A798F7412393F072006842AC /* CountryChooserTableViewCell.xib */; };
		A7B9308E23954E3B00011BDA /* CountryTableViewCell.xib in Resources */ = {isa = PBXBuildFile; fileRef = A75596C92386E8AB00DB3D26 /* CountryTableViewCell.xib */; };
		A7B9308F23954E4400011BDA /* DescriptionTableViewCell.xib in Resources */ = {isa = PBXBuildFile; fileRef = A7941128238AD8EA0001B402 /* DescriptionTableViewCell.xib */; };
		A7B9309023954E5200011BDA /* RulesCollectionViewCell.xib in Resources */ = {isa = PBXBuildFile; fileRef = A7743AFB238B18010076A87D /* RulesCollectionViewCell.xib */; };
		A7C7CA19238564E300E96B76 /* ErrorView.swift in Sources */ = {isa = PBXBuildFile; fileRef = A7C7CA18238564E300E96B76 /* ErrorView.swift */; };
		A7E70DCF2321780A00EFD8B0 /* Country.swift in Sources */ = {isa = PBXBuildFile; fileRef = A7E70DCE2321780A00EFD8B0 /* Country.swift */; };
		A8DEE70A6A0B4A5A7B751C90 /* Pods_SimpleCustoms.framework in Frameworks */ = {isa = PBXBuildFile; fileRef = A6ABE5E1E6A12816E6023EAC /* Pods_SimpleCustoms.framework */; };
/* End PBXBuildFile section */

/* Begin PBXContainerItemProxy section */
		A7655FB523B7AAC100CD7120 /* PBXContainerItemProxy */ = {
			isa = PBXContainerItemProxy;
			containerPortal = A77A68B823203AF4005EAC5A /* Project object */;
			proxyType = 1;
			remoteGlobalIDString = A77A68BF23203AF4005EAC5A;
			remoteInfo = SimpleCustoms;
		};
/* End PBXContainerItemProxy section */

/* Begin PBXFileReference section */
		0D92F1305BE417653EA07745 /* Pods-SimpleCustoms.debug.xcconfig */ = {isa = PBXFileReference; includeInIndex = 1; lastKnownFileType = text.xcconfig; name = "Pods-SimpleCustoms.debug.xcconfig"; path = "Target Support Files/Pods-SimpleCustoms/Pods-SimpleCustoms.debug.xcconfig"; sourceTree = "<group>"; };
		2818C78512A0C001CA6E5E82 /* Pods-SimpleCustoms.release.xcconfig */ = {isa = PBXFileReference; includeInIndex = 1; lastKnownFileType = text.xcconfig; name = "Pods-SimpleCustoms.release.xcconfig"; path = "Target Support Files/Pods-SimpleCustoms/Pods-SimpleCustoms.release.xcconfig"; sourceTree = "<group>"; };
		A6ABE5E1E6A12816E6023EAC /* Pods_SimpleCustoms.framework */ = {isa = PBXFileReference; explicitFileType = wrapper.framework; includeInIndex = 0; path = Pods_SimpleCustoms.framework; sourceTree = BUILT_PRODUCTS_DIR; };
		A71C84ED239AADD800EDFA67 /* GoodsChoosingAlert.xib */ = {isa = PBXFileReference; lastKnownFileType = file.xib; name = GoodsChoosingAlert.xib; path = SimpleCustoms/UI/GoodsChoosingAlert/GoodsChoosingAlert.xib; sourceTree = SOURCE_ROOT; };
		A71C84F1239AB86A00EDFA67 /* GoodsChoosingAlert.swift */ = {isa = PBXFileReference; lastKnownFileType = sourcecode.swift; path = GoodsChoosingAlert.swift; sourceTree = "<group>"; };
		A72EBA62239160F2002DA3F0 /* 3003-bouncy-balls.json */ = {isa = PBXFileReference; fileEncoding = 4; lastKnownFileType = text.json; path = "3003-bouncy-balls.json"; sourceTree = "<group>"; };
		A73AA33423E4343300D0624B /* CountriesPresenter.swift */ = {isa = PBXFileReference; lastKnownFileType = sourcecode.swift; path = CountriesPresenter.swift; sourceTree = "<group>"; };
		A73AA33523E4343300D0624B /* CountriesRouter.swift */ = {isa = PBXFileReference; lastKnownFileType = sourcecode.swift; path = CountriesRouter.swift; sourceTree = "<group>"; };
		A73AA33623E4343300D0624B /* CountriesViewController.swift */ = {isa = PBXFileReference; lastKnownFileType = sourcecode.swift; path = CountriesViewController.swift; sourceTree = "<group>"; };
		A73AA33723E4343300D0624B /* InteractorOutputInput.swift */ = {isa = PBXFileReference; lastKnownFileType = sourcecode.swift; path = InteractorOutputInput.swift; sourceTree = "<group>"; };
		A73AA33823E4343300D0624B /* CountriesInteractor.swift */ = {isa = PBXFileReference; lastKnownFileType = sourcecode.swift; path = CountriesInteractor.swift; sourceTree = "<group>"; };
		A73AA34423E4572800D0624B /* SearchStateDataProtocol.swift */ = {isa = PBXFileReference; lastKnownFileType = sourcecode.swift; path = SearchStateDataProtocol.swift; sourceTree = "<group>"; };
		A73AA34823E46BA100D0624B /* CountriesViewInput.swift */ = {isa = PBXFileReference; lastKnownFileType = sourcecode.swift; path = CountriesViewInput.swift; sourceTree = "<group>"; };
		A73AA34B23E46CC200D0624B /* CountriesRouterInput.swift */ = {isa = PBXFileReference; lastKnownFileType = sourcecode.swift; path = CountriesRouterInput.swift; sourceTree = "<group>"; };
		A73AA34E23E46D7100D0624B /* CountriesPresenterOutput.swift */ = {isa = PBXFileReference; lastKnownFileType = sourcecode.swift; path = CountriesPresenterOutput.swift; sourceTree = "<group>"; };
		A73AA35423E46E3D00D0624B /* Currencies.swift */ = {isa = PBXFileReference; lastKnownFileType = sourcecode.swift; path = Currencies.swift; sourceTree = "<group>"; };
		A73AA35623E46E5300D0624B /* Languages.swift */ = {isa = PBXFileReference; lastKnownFileType = sourcecode.swift; path = Languages.swift; sourceTree = "<group>"; };
		A73AA35923E46E9200D0624B /* Regions.swift */ = {isa = PBXFileReference; lastKnownFileType = sourcecode.swift; path = Regions.swift; sourceTree = "<group>"; };
		A73E6B4223EAF20300A48AA8 /* CustomsPresenter.swift */ = {isa = PBXFileReference; lastKnownFileType = sourcecode.swift; path = CustomsPresenter.swift; sourceTree = "<group>"; };
		A73E6B4323EAF20300A48AA8 /* CustomsRouter.swift */ = {isa = PBXFileReference; lastKnownFileType = sourcecode.swift; path = CustomsRouter.swift; sourceTree = "<group>"; };
		A73E6B4423EAF20300A48AA8 /* CustomsViewController.swift */ = {isa = PBXFileReference; lastKnownFileType = sourcecode.swift; path = CustomsViewController.swift; sourceTree = "<group>"; };
		A73E6B4523EAF20300A48AA8 /* CustomsProtocols.swift */ = {isa = PBXFileReference; lastKnownFileType = sourcecode.swift; path = CustomsProtocols.swift; sourceTree = "<group>"; };
		A73E6B4623EAF20300A48AA8 /* CustomsInteractor.swift */ = {isa = PBXFileReference; lastKnownFileType = sourcecode.swift; path = CustomsInteractor.swift; sourceTree = "<group>"; };
		A73E6B4F23EAF70700A48AA8 /* AppRouter.swift */ = {isa = PBXFileReference; lastKnownFileType = sourcecode.swift; path = AppRouter.swift; sourceTree = "<group>"; };
		A73E6B6F23EC3B6000A48AA8 /* CountriesConfigurator.swift */ = {isa = PBXFileReference; lastKnownFileType = sourcecode.swift; path = CountriesConfigurator.swift; sourceTree = "<group>"; };
		A73E6B7123EC411D00A48AA8 /* CustomsConfigurator.swift */ = {isa = PBXFileReference; lastKnownFileType = sourcecode.swift; path = CustomsConfigurator.swift; sourceTree = "<group>"; };
		A73E6B7423EC426A00A48AA8 /* Containers.swift */ = {isa = PBXFileReference; lastKnownFileType = sourcecode.swift; path = Containers.swift; sourceTree = "<group>"; };
		A73EC1BB2390552700CA9DB5 /* SearchStateDataProvider.swift */ = {isa = PBXFileReference; lastKnownFileType = sourcecode.swift; path = SearchStateDataProvider.swift; sourceTree = "<group>"; };
		A75596C72386C2CF00DB3D26 /* MainTabBarController.swift */ = {isa = PBXFileReference; lastKnownFileType = sourcecode.swift; path = MainTabBarController.swift; sourceTree = "<group>"; };
		A75596C92386E8AB00DB3D26 /* CountryTableViewCell.xib */ = {isa = PBXFileReference; lastKnownFileType = file.xib; path = CountryTableViewCell.xib; sourceTree = "<group>"; };
		A75B350D239D3EDC00F1EA8F /* CurrencyChoosingView.swift */ = {isa = PBXFileReference; lastKnownFileType = sourcecode.swift; path = CurrencyChoosingView.swift; sourceTree = "<group>"; };
		A75B350F239D68A200F1EA8F /* 4964-check-mark-success-animation.json */ = {isa = PBXFileReference; fileEncoding = 4; lastKnownFileType = text.json; path = "4964-check-mark-success-animation.json"; sourceTree = "<group>"; };
		A75B3512239D8B1300F1EA8F /* CurrencyChoosingableViewCell.swift */ = {isa = PBXFileReference; lastKnownFileType = sourcecode.swift; path = CurrencyChoosingableViewCell.swift; sourceTree = "<group>"; };
		A75B3513239D8B1300F1EA8F /* CurrencyChoosingableViewCell.xib */ = {isa = PBXFileReference; lastKnownFileType = file.xib; path = CurrencyChoosingableViewCell.xib; sourceTree = "<group>"; };
		A75B3516239D90F300F1EA8F /* 1174-warning.json */ = {isa = PBXFileReference; fileEncoding = 4; lastKnownFileType = text.json; path = "1174-warning.json"; sourceTree = "<group>"; };
		A75B3518239EDE6600F1EA8F /* Currency.swift */ = {isa = PBXFileReference; lastKnownFileType = sourcecode.swift; path = Currency.swift; sourceTree = "<group>"; };
		A7655FB023B7AAC100CD7120 /* SimpleCustomsTests.xctest */ = {isa = PBXFileReference; explicitFileType = wrapper.cfbundle; includeInIndex = 0; path = SimpleCustomsTests.xctest; sourceTree = BUILT_PRODUCTS_DIR; };
		A7655FB223B7AAC100CD7120 /* SimpleCustomsTests.swift */ = {isa = PBXFileReference; lastKnownFileType = sourcecode.swift; path = SimpleCustomsTests.swift; sourceTree = "<group>"; };
		A7655FB423B7AAC100CD7120 /* Info.plist */ = {isa = PBXFileReference; lastKnownFileType = text.plist.xml; path = Info.plist; sourceTree = "<group>"; };
		A773D41E232809E1008DA6BF /* CountryTableViewCell.swift */ = {isa = PBXFileReference; lastKnownFileType = sourcecode.swift; path = CountryTableViewCell.swift; sourceTree = "<group>"; };
		A7743AF8238B15530076A87D /* CustomsRulesView.swift */ = {isa = PBXFileReference; lastKnownFileType = sourcecode.swift; name = CustomsRulesView.swift; path = "SimpleCustoms/UI/CustomsRulesView+Cell/CustomsRulesView.swift"; sourceTree = SOURCE_ROOT; };
		A7743AFA238B18010076A87D /* RulesCollectionViewCell.swift */ = {isa = PBXFileReference; lastKnownFileType = sourcecode.swift; path = RulesCollectionViewCell.swift; sourceTree = "<group>"; };
		A7743AFB238B18010076A87D /* RulesCollectionViewCell.xib */ = {isa = PBXFileReference; lastKnownFileType = file.xib; path = RulesCollectionViewCell.xib; sourceTree = "<group>"; };
		A77656EB234B8E7300F45031 /* default.realm */ = {isa = PBXFileReference; lastKnownFileType = file; path = default.realm; sourceTree = "<group>"; };
		A7790322238AC03C00CD8FFE /* CountryDescriptionView.swift */ = {isa = PBXFileReference; lastKnownFileType = sourcecode.swift; name = CountryDescriptionView.swift; path = "SimpleCustoms/UI/CountryDescriptionView+Cell/CountryDescriptionView.swift"; sourceTree = SOURCE_ROOT; };
		A7797F3523E82B1200503712 /* SimpleCustomsTarget.swift */ = {isa = PBXFileReference; lastKnownFileType = sourcecode.swift; path = SimpleCustomsTarget.swift; sourceTree = "<group>"; };
		A77A68C023203AF4005EAC5A /* SimpleCustoms.app */ = {isa = PBXFileReference; explicitFileType = wrapper.application; includeInIndex = 0; path = SimpleCustoms.app; sourceTree = BUILT_PRODUCTS_DIR; };
		A77A68C323203AF4005EAC5A /* AppDelegate.swift */ = {isa = PBXFileReference; lastKnownFileType = sourcecode.swift; path = AppDelegate.swift; sourceTree = "<group>"; };
		A77A68CA23203AF5005EAC5A /* Assets.xcassets */ = {isa = PBXFileReference; lastKnownFileType = folder.assetcatalog; path = Assets.xcassets; sourceTree = "<group>"; };
		A77A68CD23203AF5005EAC5A /* Base */ = {isa = PBXFileReference; lastKnownFileType = file.storyboard; name = Base; path = Base.lproj/LaunchScreen.storyboard; sourceTree = "<group>"; };
		A77A68CF23203AF5005EAC5A /* Info.plist */ = {isa = PBXFileReference; lastKnownFileType = text.plist.xml; path = Info.plist; sourceTree = "<group>"; };
		A7941126238AD8970001B402 /* DescriptionTableViewCell.swift */ = {isa = PBXFileReference; lastKnownFileType = sourcecode.swift; name = DescriptionTableViewCell.swift; path = "SimpleCustoms/UI/CountryDescriptionView+Cell/DescriptionTableViewCell.swift"; sourceTree = SOURCE_ROOT; };
		A7941128238AD8EA0001B402 /* DescriptionTableViewCell.xib */ = {isa = PBXFileReference; lastKnownFileType = file.xib; name = DescriptionTableViewCell.xib; path = "SimpleCustoms/UI/CountryDescriptionView+Cell/DescriptionTableViewCell.xib"; sourceTree = SOURCE_ROOT; };
		A797D0812347B6A400492849 /* DeclarantViewController.swift */ = {isa = PBXFileReference; lastKnownFileType = sourcecode.swift; path = DeclarantViewController.swift; sourceTree = "<group>"; };
		A797D0892348EE6C00492849 /* GoodsWithLimitations.swift */ = {isa = PBXFileReference; lastKnownFileType = sourcecode.swift; path = GoodsWithLimitations.swift; sourceTree = "<group>"; };
		A797D08B234A22DC00492849 /* CurrencyToFetch.swift */ = {isa = PBXFileReference; lastKnownFileType = sourcecode.swift; path = CurrencyToFetch.swift; sourceTree = "<group>"; };
		A797D095234A2C5A00492849 /* CurrencyExchanger.swift */ = {isa = PBXFileReference; lastKnownFileType = sourcecode.swift; path = CurrencyExchanger.swift; sourceTree = "<group>"; };
		A798F7402393F072006842AC /* CountryChooserTableViewCell.swift */ = {isa = PBXFileReference; lastKnownFileType = sourcecode.swift; path = CountryChooserTableViewCell.swift; sourceTree = "<group>"; };
		A798F7412393F072006842AC /* CountryChooserTableViewCell.xib */ = {isa = PBXFileReference; lastKnownFileType = file.xib; path = CountryChooserTableViewCell.xib; sourceTree = "<group>"; };
		A798F7442394016A006842AC /* TableViewController.swift */ = {isa = PBXFileReference; lastKnownFileType = sourcecode.swift; name = TableViewController.swift; path = SimpleCustoms/TableViewController.swift; sourceTree = SOURCE_ROOT; };
		A79FA05A238D9CF5008F8076 /* RegionView.swift */ = {isa = PBXFileReference; lastKnownFileType = sourcecode.swift; name = RegionView.swift; path = "SimpleCustoms/UI/RegionView+Cell/RegionView.swift"; sourceTree = SOURCE_ROOT; };
		A79FA05C238D9D9D008F8076 /* RegionCollectionViewCell.swift */ = {isa = PBXFileReference; lastKnownFileType = sourcecode.swift; name = RegionCollectionViewCell.swift; path = "SimpleCustoms/UI/RegionView+Cell/RegionCollectionViewCell.swift"; sourceTree = SOURCE_ROOT; };
		A7A50BC0233A5BF100C8624C /* CustomsRules.swift */ = {isa = PBXFileReference; lastKnownFileType = sourcecode.swift; path = CustomsRules.swift; sourceTree = "<group>"; };
		A7A50BC2233A6F6700C8624C /* RealmManager.swift */ = {isa = PBXFileReference; lastKnownFileType = sourcecode.swift; path = RealmManager.swift; sourceTree = "<group>"; };
		A7B31DF82340D46200FBC4F8 /* Extensions.swift */ = {isa = PBXFileReference; lastKnownFileType = sourcecode.swift; path = Extensions.swift; sourceTree = "<group>"; };
		A7C7CA18238564E300E96B76 /* ErrorView.swift */ = {isa = PBXFileReference; lastKnownFileType = sourcecode.swift; name = ErrorView.swift; path = SimpleCustoms/UI/ErrorView/ErrorView.swift; sourceTree = SOURCE_ROOT; };
		A7E70DCE2321780A00EFD8B0 /* Country.swift */ = {isa = PBXFileReference; lastKnownFileType = sourcecode.swift; path = Country.swift; sourceTree = "<group>"; };
/* End PBXFileReference section */

/* Begin PBXFrameworksBuildPhase section */
		A7655FAD23B7AAC100CD7120 /* Frameworks */ = {
			isa = PBXFrameworksBuildPhase;
			buildActionMask = 2147483647;
			files = (
			);
			runOnlyForDeploymentPostprocessing = 0;
		};
		A77A68BD23203AF4005EAC5A /* Frameworks */ = {
			isa = PBXFrameworksBuildPhase;
			buildActionMask = 2147483647;
			files = (
				A8DEE70A6A0B4A5A7B751C90 /* Pods_SimpleCustoms.framework in Frameworks */,
			);
			runOnlyForDeploymentPostprocessing = 0;
		};
/* End PBXFrameworksBuildPhase section */

/* Begin PBXGroup section */
		4713B9398CD7E5B16DDE1878 /* Pods */ = {
			isa = PBXGroup;
			children = (
				0D92F1305BE417653EA07745 /* Pods-SimpleCustoms.debug.xcconfig */,
				2818C78512A0C001CA6E5E82 /* Pods-SimpleCustoms.release.xcconfig */,
			);
			path = Pods;
			sourceTree = "<group>";
		};
		A7261B612329473C00D4854D /* CustomsRulesScreen */ = {
			isa = PBXGroup;
			children = (
				A73E6B7123EC411D00A48AA8 /* CustomsConfigurator.swift */,
				A7261B642329475700D4854D /* Controller */,
				A73E6B4223EAF20300A48AA8 /* CustomsPresenter.swift */,
				A73E6B4323EAF20300A48AA8 /* CustomsRouter.swift */,
				A73E6B4423EAF20300A48AA8 /* CustomsViewController.swift */,
				A73E6B4523EAF20300A48AA8 /* CustomsProtocols.swift */,
				A73E6B4623EAF20300A48AA8 /* CustomsInteractor.swift */,
			);
			path = CustomsRulesScreen;
			sourceTree = "<group>";
		};
		A7261B642329475700D4854D /* Controller */ = {
			isa = PBXGroup;
			children = (
			);
			path = Controller;
			sourceTree = "<group>";
		};
		A73AA34623E46B0A00D0624B /* Countries */ = {
			isa = PBXGroup;
			children = (
				A73E6B6E23EC3B3500A48AA8 /* Configurator */,
				A7CD866523C666C800812DDB /* DataProvider */,
				A73AA34723E46B3800D0624B /* View */,
				A73AA34D23E46D5D00D0624B /* Presenter */,
				A73AA34A23E46CA300D0624B /* Router */,
				A73AA35023E46D9C00D0624B /* Interactor */,
			);
			path = Countries;
			sourceTree = "<group>";
		};
		A73AA34723E46B3800D0624B /* View */ = {
			isa = PBXGroup;
			children = (
				A73AA33623E4343300D0624B /* CountriesViewController.swift */,
				A73AA34823E46BA100D0624B /* CountriesViewInput.swift */,
			);
			path = View;
			sourceTree = "<group>";
		};
		A73AA34A23E46CA300D0624B /* Router */ = {
			isa = PBXGroup;
			children = (
				A73AA33523E4343300D0624B /* CountriesRouter.swift */,
				A73AA34B23E46CC200D0624B /* CountriesRouterInput.swift */,
			);
			path = Router;
			sourceTree = "<group>";
		};
		A73AA34D23E46D5D00D0624B /* Presenter */ = {
			isa = PBXGroup;
			children = (
				A73AA33423E4343300D0624B /* CountriesPresenter.swift */,
				A73AA34E23E46D7100D0624B /* CountriesPresenterOutput.swift */,
			);
			path = Presenter;
			sourceTree = "<group>";
		};
		A73AA35023E46D9C00D0624B /* Interactor */ = {
			isa = PBXGroup;
			children = (
				A73AA33823E4343300D0624B /* CountriesInteractor.swift */,
				A73AA33723E4343300D0624B /* InteractorOutputInput.swift */,
			);
			path = Interactor;
			sourceTree = "<group>";
		};
		A73AA35123E46DDF00D0624B /* Modules */ = {
			isa = PBXGroup;
			children = (
				A73AA34623E46B0A00D0624B /* Countries */,
			);
			path = Modules;
			sourceTree = "<group>";
		};
		A73AA35223E46DF500D0624B /* Business */ = {
			isa = PBXGroup;
			children = (
				A73AA36423E4710900D0624B /* Managers */,
				A7E70DC623215FE900EFD8B0 /* Services */,
				A797D08F234A2BC000492849 /* Helpers */,
				A73AA35323E46E2100D0624B /* Models */,
				A73E6B7323EC424100A48AA8 /* Factories */,
				A73E6B5123EAF70D00A48AA8 /* AppRouter */,
			);
			path = Business;
			sourceTree = "<group>";
		};
		A73AA35323E46E2100D0624B /* Models */ = {
			isa = PBXGroup;
			children = (
				A7E70DCE2321780A00EFD8B0 /* Country.swift */,
				A73AA35423E46E3D00D0624B /* Currencies.swift */,
				A73AA35623E46E5300D0624B /* Languages.swift */,
				A73AA35923E46E9200D0624B /* Regions.swift */,
				A7A50BC0233A5BF100C8624C /* CustomsRules.swift */,
				A75B3518239EDE6600F1EA8F /* Currency.swift */,
				A797D0892348EE6C00492849 /* GoodsWithLimitations.swift */,
				A797D08B234A22DC00492849 /* CurrencyToFetch.swift */,
			);
			path = Models;
			sourceTree = "<group>";
		};
		A73AA35B23E46F3200D0624B /* UI */ = {
			isa = PBXGroup;
			children = (
				A73AA36323E4708800D0624B /* GoodsChoosingAlert */,
				A73AA36223E4706600D0624B /* CountryChooserCell */,
				A73AA36123E4703B00D0624B /* CurrencyChoosingView+Cell */,
				A73AA36023E4702100D0624B /* CustomsRulesView+Cell */,
				A73AA35C23E46F7A00D0624B /* ErrorView */,
				A73AA35F23E4700A00D0624B /* CountryDescriptionView+Cell */,
				A73AA35D23E46F9E00D0624B /* RegionView+Cell */,
				A73AA35E23E46FA500D0624B /* CountryCell */,
			);
			path = UI;
			sourceTree = "<group>";
		};
		A73AA35C23E46F7A00D0624B /* ErrorView */ = {
			isa = PBXGroup;
			children = (
				A7C7CA18238564E300E96B76 /* ErrorView.swift */,
			);
			path = ErrorView;
			sourceTree = "<group>";
		};
		A73AA35D23E46F9E00D0624B /* RegionView+Cell */ = {
			isa = PBXGroup;
			children = (
				A79FA05A238D9CF5008F8076 /* RegionView.swift */,
				A79FA05C238D9D9D008F8076 /* RegionCollectionViewCell.swift */,
			);
			path = "RegionView+Cell";
			sourceTree = "<group>";
		};
		A73AA35E23E46FA500D0624B /* CountryCell */ = {
			isa = PBXGroup;
			children = (
				A773D41E232809E1008DA6BF /* CountryTableViewCell.swift */,
				A75596C92386E8AB00DB3D26 /* CountryTableViewCell.xib */,
			);
			path = CountryCell;
			sourceTree = "<group>";
		};
		A73AA35F23E4700A00D0624B /* CountryDescriptionView+Cell */ = {
			isa = PBXGroup;
			children = (
				A7790322238AC03C00CD8FFE /* CountryDescriptionView.swift */,
				A7941126238AD8970001B402 /* DescriptionTableViewCell.swift */,
				A7941128238AD8EA0001B402 /* DescriptionTableViewCell.xib */,
			);
			path = "CountryDescriptionView+Cell";
			sourceTree = "<group>";
		};
		A73AA36023E4702100D0624B /* CustomsRulesView+Cell */ = {
			isa = PBXGroup;
			children = (
				A7743AF8238B15530076A87D /* CustomsRulesView.swift */,
				A7743AFA238B18010076A87D /* RulesCollectionViewCell.swift */,
				A7743AFB238B18010076A87D /* RulesCollectionViewCell.xib */,
			);
			path = "CustomsRulesView+Cell";
			sourceTree = "<group>";
		};
		A73AA36123E4703B00D0624B /* CurrencyChoosingView+Cell */ = {
			isa = PBXGroup;
			children = (
				A75B3511239D8ADA00F1EA8F /* CurrencyChoosingCell */,
				A75B350D239D3EDC00F1EA8F /* CurrencyChoosingView.swift */,
			);
			path = "CurrencyChoosingView+Cell";
			sourceTree = "<group>";
		};
		A73AA36223E4706600D0624B /* CountryChooserCell */ = {
			isa = PBXGroup;
			children = (
				A798F7402393F072006842AC /* CountryChooserTableViewCell.swift */,
				A798F7412393F072006842AC /* CountryChooserTableViewCell.xib */,
			);
			path = CountryChooserCell;
			sourceTree = "<group>";
		};
		A73AA36323E4708800D0624B /* GoodsChoosingAlert */ = {
			isa = PBXGroup;
			children = (
				A71C84ED239AADD800EDFA67 /* GoodsChoosingAlert.xib */,
				A71C84F1239AB86A00EDFA67 /* GoodsChoosingAlert.swift */,
			);
			path = GoodsChoosingAlert;
			sourceTree = "<group>";
		};
		A73AA36423E4710900D0624B /* Managers */ = {
			isa = PBXGroup;
			children = (
				A7A50BC2233A6F6700C8624C /* RealmManager.swift */,
			);
			path = Managers;
			sourceTree = "<group>";
		};
		A73E6B5123EAF70D00A48AA8 /* AppRouter */ = {
			isa = PBXGroup;
			children = (
				A73E6B4F23EAF70700A48AA8 /* AppRouter.swift */,
			);
			path = AppRouter;
			sourceTree = "<group>";
		};
		A73E6B6E23EC3B3500A48AA8 /* Configurator */ = {
			isa = PBXGroup;
			children = (
				A73E6B6F23EC3B6000A48AA8 /* CountriesConfigurator.swift */,
			);
			path = Configurator;
			sourceTree = "<group>";
		};
		A73E6B7323EC424100A48AA8 /* Factories */ = {
			isa = PBXGroup;
			children = (
				A73E6B7423EC426A00A48AA8 /* Containers.swift */,
			);
			path = Factories;
			sourceTree = "<group>";
		};
		A7506C1C2354867D0054C463 /* Controller */ = {
			isa = PBXGroup;
			children = (
				A797D0812347B6A400492849 /* DeclarantViewController.swift */,
				A798F7442394016A006842AC /* TableViewController.swift */,
			);
			path = Controller;
			sourceTree = "<group>";
		};
		A75B3511239D8ADA00F1EA8F /* CurrencyChoosingCell */ = {
			isa = PBXGroup;
			children = (
				A75B3512239D8B1300F1EA8F /* CurrencyChoosingableViewCell.swift */,
				A75B3513239D8B1300F1EA8F /* CurrencyChoosingableViewCell.xib */,
			);
			path = CurrencyChoosingCell;
			sourceTree = "<group>";
		};
		A7655FB123B7AAC100CD7120 /* SimpleCustomsTests */ = {
			isa = PBXGroup;
			children = (
				A7655FB223B7AAC100CD7120 /* SimpleCustomsTests.swift */,
				A7655FB423B7AAC100CD7120 /* Info.plist */,
			);
			path = SimpleCustomsTests;
			sourceTree = "<group>";
		};
		A77A68B723203AF4005EAC5A = {
			isa = PBXGroup;
			children = (
				A77A68C223203AF4005EAC5A /* SimpleCustoms */,
				A7655FB123B7AAC100CD7120 /* SimpleCustomsTests */,
				A77A68C123203AF4005EAC5A /* Products */,
				4713B9398CD7E5B16DDE1878 /* Pods */,
				D43198F19DAFDC7FA0E0D43B /* Frameworks */,
			);
			sourceTree = "<group>";
		};
		A77A68C123203AF4005EAC5A /* Products */ = {
			isa = PBXGroup;
			children = (
				A77A68C023203AF4005EAC5A /* SimpleCustoms.app */,
				A7655FB023B7AAC100CD7120 /* SimpleCustomsTests.xctest */,
			);
			name = Products;
			sourceTree = "<group>";
		};
		A77A68C223203AF4005EAC5A /* SimpleCustoms */ = {
			isa = PBXGroup;
			children = (
				A77656EB234B8E7300F45031 /* default.realm */,
				A77A68C323203AF4005EAC5A /* AppDelegate.swift */,
				A75596C72386C2CF00DB3D26 /* MainTabBarController.swift */,
				A73AA35B23E46F3200D0624B /* UI */,
				A73AA35223E46DF500D0624B /* Business */,
				A73AA35123E46DDF00D0624B /* Modules */,
				A7261B612329473C00D4854D /* CustomsRulesScreen */,
				A797D0802347B66F00492849 /* DeclarantScreen */,
				A797E3D72326A8B400A872B8 /* Supporting Files */,
			);
			path = SimpleCustoms;
			sourceTree = "<group>";
		};
		A797D0802347B66F00492849 /* DeclarantScreen */ = {
			isa = PBXGroup;
			children = (
				A7506C1C2354867D0054C463 /* Controller */,
			);
			path = DeclarantScreen;
			sourceTree = "<group>";
		};
		A797D08F234A2BC000492849 /* Helpers */ = {
			isa = PBXGroup;
			children = (
				A7B31DF82340D46200FBC4F8 /* Extensions.swift */,
				A797D095234A2C5A00492849 /* CurrencyExchanger.swift */,
			);
			path = Helpers;
			sourceTree = "<group>";
		};
		A797E3D72326A8B400A872B8 /* Supporting Files */ = {
			isa = PBXGroup;
			children = (
				A77A68CA23203AF5005EAC5A /* Assets.xcassets */,
				A77A68CC23203AF5005EAC5A /* LaunchScreen.storyboard */,
				A77A68CF23203AF5005EAC5A /* Info.plist */,
				A797E3D82326A8BB00A872B8 /* Lottie Animations */,
			);
			path = "Supporting Files";
			sourceTree = "<group>";
		};
		A797E3D82326A8BB00A872B8 /* Lottie Animations */ = {
			isa = PBXGroup;
			children = (
				A75B3516239D90F300F1EA8F /* 1174-warning.json */,
				A75B350F239D68A200F1EA8F /* 4964-check-mark-success-animation.json */,
				A72EBA62239160F2002DA3F0 /* 3003-bouncy-balls.json */,
			);
			path = "Lottie Animations";
			sourceTree = "<group>";
		};
		A7CD866523C666C800812DDB /* DataProvider */ = {
			isa = PBXGroup;
			children = (
				A73EC1BB2390552700CA9DB5 /* SearchStateDataProvider.swift */,
				A73AA34423E4572800D0624B /* SearchStateDataProtocol.swift */,
			);
			path = DataProvider;
			sourceTree = "<group>";
		};
		A7E70DC623215FE900EFD8B0 /* Services */ = {
			isa = PBXGroup;
			children = (
				A7797F3523E82B1200503712 /* SimpleCustomsTarget.swift */,
			);
			path = Services;
			sourceTree = "<group>";
		};
		D43198F19DAFDC7FA0E0D43B /* Frameworks */ = {
			isa = PBXGroup;
			children = (
				A6ABE5E1E6A12816E6023EAC /* Pods_SimpleCustoms.framework */,
			);
			name = Frameworks;
			sourceTree = "<group>";
		};
/* End PBXGroup section */

/* Begin PBXNativeTarget section */
		A7655FAF23B7AAC100CD7120 /* SimpleCustomsTests */ = {
			isa = PBXNativeTarget;
			buildConfigurationList = A7655FB923B7AAC100CD7120 /* Build configuration list for PBXNativeTarget "SimpleCustomsTests" */;
			buildPhases = (
				A7655FAC23B7AAC100CD7120 /* Sources */,
				A7655FAD23B7AAC100CD7120 /* Frameworks */,
				A7655FAE23B7AAC100CD7120 /* Resources */,
			);
			buildRules = (
			);
			dependencies = (
				A7655FB623B7AAC100CD7120 /* PBXTargetDependency */,
			);
			name = SimpleCustomsTests;
			productName = SimpleCustomsTests;
			productReference = A7655FB023B7AAC100CD7120 /* SimpleCustomsTests.xctest */;
			productType = "com.apple.product-type.bundle.unit-test";
		};
		A77A68BF23203AF4005EAC5A /* SimpleCustoms */ = {
			isa = PBXNativeTarget;
			buildConfigurationList = A77A68D223203AF5005EAC5A /* Build configuration list for PBXNativeTarget "SimpleCustoms" */;
			buildPhases = (
				4F8D98FE649486CED60C2399 /* [CP] Check Pods Manifest.lock */,
				A77A68BC23203AF4005EAC5A /* Sources */,
				A77A68BD23203AF4005EAC5A /* Frameworks */,
				A77A68BE23203AF4005EAC5A /* Resources */,
				63FF78BB1D5B6FDE89261AC6 /* [CP] Embed Pods Frameworks */,
			);
			buildRules = (
			);
			dependencies = (
			);
			name = SimpleCustoms;
			productName = SimpleCustoms;
			productReference = A77A68C023203AF4005EAC5A /* SimpleCustoms.app */;
			productType = "com.apple.product-type.application";
		};
/* End PBXNativeTarget section */

/* Begin PBXProject section */
		A77A68B823203AF4005EAC5A /* Project object */ = {
			isa = PBXProject;
			attributes = {
				LastSwiftUpdateCheck = 1130;
				LastUpgradeCheck = 1030;
				ORGANIZATIONNAME = "Газияв Исхаков";
				TargetAttributes = {
					A7655FAF23B7AAC100CD7120 = {
						CreatedOnToolsVersion = 11.3;
						TestTargetID = A77A68BF23203AF4005EAC5A;
					};
					A77A68BF23203AF4005EAC5A = {
						CreatedOnToolsVersion = 10.3;
					};
				};
			};
			buildConfigurationList = A77A68BB23203AF4005EAC5A /* Build configuration list for PBXProject "SimpleCustoms" */;
			compatibilityVersion = "Xcode 9.3";
			developmentRegion = en;
			hasScannedForEncodings = 0;
			knownRegions = (
				en,
				Base,
			);
			mainGroup = A77A68B723203AF4005EAC5A;
			productRefGroup = A77A68C123203AF4005EAC5A /* Products */;
			projectDirPath = "";
			projectRoot = "";
			targets = (
				A77A68BF23203AF4005EAC5A /* SimpleCustoms */,
				A7655FAF23B7AAC100CD7120 /* SimpleCustomsTests */,
			);
		};
/* End PBXProject section */

/* Begin PBXResourcesBuildPhase section */
		A7655FAE23B7AAC100CD7120 /* Resources */ = {
			isa = PBXResourcesBuildPhase;
			buildActionMask = 2147483647;
			files = (
			);
			runOnlyForDeploymentPostprocessing = 0;
		};
		A77A68BE23203AF4005EAC5A /* Resources */ = {
			isa = PBXResourcesBuildPhase;
			buildActionMask = 2147483647;
			files = (
				A71C84EE239AADD800EDFA67 /* GoodsChoosingAlert.xib in Resources */,
				A75B3517239D90F400F1EA8F /* 1174-warning.json in Resources */,
				A7B9309023954E5200011BDA /* RulesCollectionViewCell.xib in Resources */,
				A7B9308F23954E4400011BDA /* DescriptionTableViewCell.xib in Resources */,
				A7B9308E23954E3B00011BDA /* CountryTableViewCell.xib in Resources */,
				A7B9308D23954E2400011BDA /* CountryChooserTableViewCell.xib in Resources */,
				A77656F1234B93AA00F45031 /* default.realm in Resources */,
				A75B3515239D8B1300F1EA8F /* CurrencyChoosingableViewCell.xib in Resources */,
				A77A68CE23203AF5005EAC5A /* LaunchScreen.storyboard in Resources */,
				A75B3510239D68A300F1EA8F /* 4964-check-mark-success-animation.json in Resources */,
				A72EBA63239160F2002DA3F0 /* 3003-bouncy-balls.json in Resources */,
				A77A68CB23203AF5005EAC5A /* Assets.xcassets in Resources */,
			);
			runOnlyForDeploymentPostprocessing = 0;
		};
/* End PBXResourcesBuildPhase section */

/* Begin PBXShellScriptBuildPhase section */
		4F8D98FE649486CED60C2399 /* [CP] Check Pods Manifest.lock */ = {
			isa = PBXShellScriptBuildPhase;
			buildActionMask = 2147483647;
			files = (
			);
			inputFileListPaths = (
			);
			inputPaths = (
				"${PODS_PODFILE_DIR_PATH}/Podfile.lock",
				"${PODS_ROOT}/Manifest.lock",
			);
			name = "[CP] Check Pods Manifest.lock";
			outputFileListPaths = (
			);
			outputPaths = (
				"$(DERIVED_FILE_DIR)/Pods-SimpleCustoms-checkManifestLockResult.txt",
			);
			runOnlyForDeploymentPostprocessing = 0;
			shellPath = /bin/sh;
			shellScript = "diff \"${PODS_PODFILE_DIR_PATH}/Podfile.lock\" \"${PODS_ROOT}/Manifest.lock\" > /dev/null\nif [ $? != 0 ] ; then\n    # print error to STDERR\n    echo \"error: The sandbox is not in sync with the Podfile.lock. Run 'pod install' or update your CocoaPods installation.\" >&2\n    exit 1\nfi\n# This output is used by Xcode 'outputs' to avoid re-running this script phase.\necho \"SUCCESS\" > \"${SCRIPT_OUTPUT_FILE_0}\"\n";
			showEnvVarsInLog = 0;
		};
		63FF78BB1D5B6FDE89261AC6 /* [CP] Embed Pods Frameworks */ = {
			isa = PBXShellScriptBuildPhase;
			buildActionMask = 2147483647;
			files = (
			);
			inputFileListPaths = (
				"${PODS_ROOT}/Target Support Files/Pods-SimpleCustoms/Pods-SimpleCustoms-frameworks-${CONFIGURATION}-input-files.xcfilelist",
			);
			name = "[CP] Embed Pods Frameworks";
			outputFileListPaths = (
				"${PODS_ROOT}/Target Support Files/Pods-SimpleCustoms/Pods-SimpleCustoms-frameworks-${CONFIGURATION}-output-files.xcfilelist",
			);
			runOnlyForDeploymentPostprocessing = 0;
			shellPath = /bin/sh;
			shellScript = "\"${PODS_ROOT}/Target Support Files/Pods-SimpleCustoms/Pods-SimpleCustoms-frameworks.sh\"\n";
			showEnvVarsInLog = 0;
		};
/* End PBXShellScriptBuildPhase section */

/* Begin PBXSourcesBuildPhase section */
		A7655FAC23B7AAC100CD7120 /* Sources */ = {
			isa = PBXSourcesBuildPhase;
			buildActionMask = 2147483647;
			files = (
				A7655FB323B7AAC100CD7120 /* SimpleCustomsTests.swift in Sources */,
			);
			runOnlyForDeploymentPostprocessing = 0;
		};
		A77A68BC23203AF4005EAC5A /* Sources */ = {
			isa = PBXSourcesBuildPhase;
			buildActionMask = 2147483647;
			files = (
				A71C84F2239AB86A00EDFA67 /* GoodsChoosingAlert.swift in Sources */,
				A73EC1BC2390552700CA9DB5 /* SearchStateDataProvider.swift in Sources */,
				A773D41F232809E1008DA6BF /* CountryTableViewCell.swift in Sources */,
				A73E6B4923EAF20300A48AA8 /* CustomsRouter.swift in Sources */,
				A7A50BC3233A6F6700C8624C /* RealmManager.swift in Sources */,
				A73AA34523E4572800D0624B /* SearchStateDataProtocol.swift in Sources */,
				A7C7CA19238564E300E96B76 /* ErrorView.swift in Sources */,
				A73E6B7023EC3B6000A48AA8 /* CountriesConfigurator.swift in Sources */,
				A75596C82386C2CF00DB3D26 /* MainTabBarController.swift in Sources */,
				A73E6B7223EC411D00A48AA8 /* CustomsConfigurator.swift in Sources */,
				A7A50BC1233A5BF100C8624C /* CustomsRules.swift in Sources */,
				A798F7422393F072006842AC /* CountryChooserTableViewCell.swift in Sources */,
				A7E70DCF2321780A00EFD8B0 /* Country.swift in Sources */,
				A73AA34F23E46D7100D0624B /* CountriesPresenterOutput.swift in Sources */,
				A73AA33B23E4343300D0624B /* CountriesRouter.swift in Sources */,
				A7941127238AD8970001B402 /* DescriptionTableViewCell.swift in Sources */,
				A73AA35723E46E5300D0624B /* Languages.swift in Sources */,
				A73AA33D23E4343300D0624B /* InteractorOutputInput.swift in Sources */,
				A7797F3623E82B1200503712 /* SimpleCustomsTarget.swift in Sources */,
				A798F7452394016A006842AC /* TableViewController.swift in Sources */,
				A73E6B4C23EAF20300A48AA8 /* CustomsInteractor.swift in Sources */,
				A7743AFC238B18010076A87D /* RulesCollectionViewCell.swift in Sources */,
				A77A68C423203AF4005EAC5A /* AppDelegate.swift in Sources */,
				A79FA05B238D9CF5008F8076 /* RegionView.swift in Sources */,
				A7790323238AC03C00CD8FFE /* CountryDescriptionView.swift in Sources */,
				A73AA33A23E4343300D0624B /* CountriesPresenter.swift in Sources */,
				A73E6B4823EAF20300A48AA8 /* CustomsPresenter.swift in Sources */,
				A73AA33C23E4343300D0624B /* CountriesViewController.swift in Sources */,
				A797D08A2348EE6C00492849 /* GoodsWithLimitations.swift in Sources */,
				A73AA33E23E4343300D0624B /* CountriesInteractor.swift in Sources */,
				A79FA05D238D9D9D008F8076 /* RegionCollectionViewCell.swift in Sources */,
				A73E6B4A23EAF20300A48AA8 /* CustomsViewController.swift in Sources */,
				A75B3519239EDE6600F1EA8F /* Currency.swift in Sources */,
				A73AA34923E46BA100D0624B /* CountriesViewInput.swift in Sources */,
				A73E6B4B23EAF20300A48AA8 /* CustomsProtocols.swift in Sources */,
				A7B31DF92340D46200FBC4F8 /* Extensions.swift in Sources */,
				A73AA34C23E46CC200D0624B /* CountriesRouterInput.swift in Sources */,
				A73E6B7523EC426A00A48AA8 /* Containers.swift in Sources */,
				A73AA35A23E46E9200D0624B /* Regions.swift in Sources */,
				A75B350E239D3EDC00F1EA8F /* CurrencyChoosingView.swift in Sources */,
				A797D08C234A22DC00492849 /* CurrencyToFetch.swift in Sources */,
				A73AA35523E46E3D00D0624B /* Currencies.swift in Sources */,
				A7743AF9238B15530076A87D /* CustomsRulesView.swift in Sources */,
				A73E6B5023EAF70700A48AA8 /* AppRouter.swift in Sources */,
				A797D096234A2C5A00492849 /* CurrencyExchanger.swift in Sources */,
				A797D0822347B6A400492849 /* DeclarantViewController.swift in Sources */,
				A75B3514239D8B1300F1EA8F /* CurrencyChoosingableViewCell.swift in Sources */,
			);
			runOnlyForDeploymentPostprocessing = 0;
		};
/* End PBXSourcesBuildPhase section */

/* Begin PBXTargetDependency section */
		A7655FB623B7AAC100CD7120 /* PBXTargetDependency */ = {
			isa = PBXTargetDependency;
			target = A77A68BF23203AF4005EAC5A /* SimpleCustoms */;
			targetProxy = A7655FB523B7AAC100CD7120 /* PBXContainerItemProxy */;
		};
/* End PBXTargetDependency section */

/* Begin PBXVariantGroup section */
		A77A68CC23203AF5005EAC5A /* LaunchScreen.storyboard */ = {
			isa = PBXVariantGroup;
			children = (
				A77A68CD23203AF5005EAC5A /* Base */,
			);
			name = LaunchScreen.storyboard;
			sourceTree = "<group>";
		};
/* End PBXVariantGroup section */

/* Begin XCBuildConfiguration section */
		A7655FB723B7AAC100CD7120 /* Debug */ = {
			isa = XCBuildConfiguration;
			buildSettings = {
				BUNDLE_LOADER = "$(TEST_HOST)";
				CODE_SIGN_STYLE = Automatic;
				DEVELOPMENT_TEAM = UC886LLHAM;
				INFOPLIST_FILE = SimpleCustomsTests/Info.plist;
				IPHONEOS_DEPLOYMENT_TARGET = 12.4;
				LD_RUNPATH_SEARCH_PATHS = (
					"$(inherited)",
					"@executable_path/Frameworks",
					"@loader_path/Frameworks",
				);
				PRODUCT_BUNDLE_IDENTIFIER = ru.gazya.SimpleCustomsTests;
				PRODUCT_NAME = "$(TARGET_NAME)";
				SWIFT_VERSION = 5.0;
				TARGETED_DEVICE_FAMILY = 1;
				TEST_HOST = "$(BUILT_PRODUCTS_DIR)/SimpleCustoms.app/SimpleCustoms";
			};
			name = Debug;
		};
		A7655FB823B7AAC100CD7120 /* Release */ = {
			isa = XCBuildConfiguration;
			buildSettings = {
				BUNDLE_LOADER = "$(TEST_HOST)";
				CODE_SIGN_STYLE = Automatic;
				DEVELOPMENT_TEAM = UC886LLHAM;
				INFOPLIST_FILE = SimpleCustomsTests/Info.plist;
				IPHONEOS_DEPLOYMENT_TARGET = 12.4;
				LD_RUNPATH_SEARCH_PATHS = (
					"$(inherited)",
					"@executable_path/Frameworks",
					"@loader_path/Frameworks",
				);
				PRODUCT_BUNDLE_IDENTIFIER = ru.gazya.SimpleCustomsTests;
				PRODUCT_NAME = "$(TARGET_NAME)";
				SWIFT_VERSION = 5.0;
				TARGETED_DEVICE_FAMILY = 1;
				TEST_HOST = "$(BUILT_PRODUCTS_DIR)/SimpleCustoms.app/SimpleCustoms";
			};
			name = Release;
		};
		A77A68D023203AF5005EAC5A /* Debug */ = {
			isa = XCBuildConfiguration;
			buildSettings = {
				ALWAYS_SEARCH_USER_PATHS = NO;
				CLANG_ANALYZER_NONNULL = YES;
				CLANG_ANALYZER_NUMBER_OBJECT_CONVERSION = YES_AGGRESSIVE;
				CLANG_CXX_LANGUAGE_STANDARD = "gnu++14";
				CLANG_CXX_LIBRARY = "libc++";
				CLANG_ENABLE_MODULES = YES;
				CLANG_ENABLE_OBJC_ARC = YES;
				CLANG_ENABLE_OBJC_WEAK = YES;
				CLANG_WARN_BLOCK_CAPTURE_AUTORELEASING = YES;
				CLANG_WARN_BOOL_CONVERSION = YES;
				CLANG_WARN_COMMA = YES;
				CLANG_WARN_CONSTANT_CONVERSION = YES;
				CLANG_WARN_DEPRECATED_OBJC_IMPLEMENTATIONS = YES;
				CLANG_WARN_DIRECT_OBJC_ISA_USAGE = YES_ERROR;
				CLANG_WARN_DOCUMENTATION_COMMENTS = YES;
				CLANG_WARN_EMPTY_BODY = YES;
				CLANG_WARN_ENUM_CONVERSION = YES;
				CLANG_WARN_INFINITE_RECURSION = YES;
				CLANG_WARN_INT_CONVERSION = YES;
				CLANG_WARN_NON_LITERAL_NULL_CONVERSION = YES;
				CLANG_WARN_OBJC_IMPLICIT_RETAIN_SELF = YES;
				CLANG_WARN_OBJC_LITERAL_CONVERSION = YES;
				CLANG_WARN_OBJC_ROOT_CLASS = YES_ERROR;
				CLANG_WARN_RANGE_LOOP_ANALYSIS = YES;
				CLANG_WARN_STRICT_PROTOTYPES = YES;
				CLANG_WARN_SUSPICIOUS_MOVE = YES;
				CLANG_WARN_UNGUARDED_AVAILABILITY = YES_AGGRESSIVE;
				CLANG_WARN_UNREACHABLE_CODE = YES;
				CLANG_WARN__DUPLICATE_METHOD_MATCH = YES;
				CODE_SIGN_IDENTITY = "iPhone Developer";
				COPY_PHASE_STRIP = NO;
				DEBUG_INFORMATION_FORMAT = dwarf;
				ENABLE_STRICT_OBJC_MSGSEND = YES;
				ENABLE_TESTABILITY = YES;
				GCC_C_LANGUAGE_STANDARD = gnu11;
				GCC_DYNAMIC_NO_PIC = NO;
				GCC_NO_COMMON_BLOCKS = YES;
				GCC_OPTIMIZATION_LEVEL = 0;
				GCC_PREPROCESSOR_DEFINITIONS = (
					"DEBUG=1",
					"$(inherited)",
				);
				GCC_WARN_64_TO_32_BIT_CONVERSION = YES;
				GCC_WARN_ABOUT_RETURN_TYPE = YES_ERROR;
				GCC_WARN_UNDECLARED_SELECTOR = YES;
				GCC_WARN_UNINITIALIZED_AUTOS = YES_AGGRESSIVE;
				GCC_WARN_UNUSED_FUNCTION = YES;
				GCC_WARN_UNUSED_VARIABLE = YES;
				IPHONEOS_DEPLOYMENT_TARGET = 12.4;
				MTL_ENABLE_DEBUG_INFO = INCLUDE_SOURCE;
				MTL_FAST_MATH = YES;
				ONLY_ACTIVE_ARCH = YES;
				SDKROOT = iphoneos;
				SWIFT_ACTIVE_COMPILATION_CONDITIONS = DEBUG;
				SWIFT_OPTIMIZATION_LEVEL = "-Onone";
			};
			name = Debug;
		};
		A77A68D123203AF5005EAC5A /* Release */ = {
			isa = XCBuildConfiguration;
			buildSettings = {
				ALWAYS_SEARCH_USER_PATHS = NO;
				CLANG_ANALYZER_NONNULL = YES;
				CLANG_ANALYZER_NUMBER_OBJECT_CONVERSION = YES_AGGRESSIVE;
				CLANG_CXX_LANGUAGE_STANDARD = "gnu++14";
				CLANG_CXX_LIBRARY = "libc++";
				CLANG_ENABLE_MODULES = YES;
				CLANG_ENABLE_OBJC_ARC = YES;
				CLANG_ENABLE_OBJC_WEAK = YES;
				CLANG_WARN_BLOCK_CAPTURE_AUTORELEASING = YES;
				CLANG_WARN_BOOL_CONVERSION = YES;
				CLANG_WARN_COMMA = YES;
				CLANG_WARN_CONSTANT_CONVERSION = YES;
				CLANG_WARN_DEPRECATED_OBJC_IMPLEMENTATIONS = YES;
				CLANG_WARN_DIRECT_OBJC_ISA_USAGE = YES_ERROR;
				CLANG_WARN_DOCUMENTATION_COMMENTS = YES;
				CLANG_WARN_EMPTY_BODY = YES;
				CLANG_WARN_ENUM_CONVERSION = YES;
				CLANG_WARN_INFINITE_RECURSION = YES;
				CLANG_WARN_INT_CONVERSION = YES;
				CLANG_WARN_NON_LITERAL_NULL_CONVERSION = YES;
				CLANG_WARN_OBJC_IMPLICIT_RETAIN_SELF = YES;
				CLANG_WARN_OBJC_LITERAL_CONVERSION = YES;
				CLANG_WARN_OBJC_ROOT_CLASS = YES_ERROR;
				CLANG_WARN_RANGE_LOOP_ANALYSIS = YES;
				CLANG_WARN_STRICT_PROTOTYPES = YES;
				CLANG_WARN_SUSPICIOUS_MOVE = YES;
				CLANG_WARN_UNGUARDED_AVAILABILITY = YES_AGGRESSIVE;
				CLANG_WARN_UNREACHABLE_CODE = YES;
				CLANG_WARN__DUPLICATE_METHOD_MATCH = YES;
				CODE_SIGN_IDENTITY = "iPhone Developer";
				COPY_PHASE_STRIP = NO;
				DEBUG_INFORMATION_FORMAT = "dwarf-with-dsym";
				ENABLE_NS_ASSERTIONS = NO;
				ENABLE_STRICT_OBJC_MSGSEND = YES;
				GCC_C_LANGUAGE_STANDARD = gnu11;
				GCC_NO_COMMON_BLOCKS = YES;
				GCC_WARN_64_TO_32_BIT_CONVERSION = YES;
				GCC_WARN_ABOUT_RETURN_TYPE = YES_ERROR;
				GCC_WARN_UNDECLARED_SELECTOR = YES;
				GCC_WARN_UNINITIALIZED_AUTOS = YES_AGGRESSIVE;
				GCC_WARN_UNUSED_FUNCTION = YES;
				GCC_WARN_UNUSED_VARIABLE = YES;
				IPHONEOS_DEPLOYMENT_TARGET = 12.4;
				MTL_ENABLE_DEBUG_INFO = NO;
				MTL_FAST_MATH = YES;
				SDKROOT = iphoneos;
				SWIFT_COMPILATION_MODE = wholemodule;
				SWIFT_OPTIMIZATION_LEVEL = "-O";
				VALIDATE_PRODUCT = YES;
			};
			name = Release;
		};
		A77A68D323203AF5005EAC5A /* Debug */ = {
			isa = XCBuildConfiguration;
			baseConfigurationReference = 0D92F1305BE417653EA07745 /* Pods-SimpleCustoms.debug.xcconfig */;
			buildSettings = {
				ASSETCATALOG_COMPILER_APPICON_NAME = AppIcon;
				CODE_SIGN_STYLE = Automatic;
				CURRENT_PROJECT_VERSION = 3;
				DEVELOPMENT_TEAM = UC886LLHAM;
				INFOPLIST_FILE = "$(SRCROOT)/SimpleCustoms/Supporting Files/Info.plist";
				LD_RUNPATH_SEARCH_PATHS = (
					"$(inherited)",
					"@executable_path/Frameworks",
				);
				MARKETING_VERSION = 2.0;
				PRODUCT_BUNDLE_IDENTIFIER = ru.gazya.SimpleCustoms;
				PRODUCT_NAME = "$(TARGET_NAME)";
				SWIFT_VERSION = 5.0;
				TARGETED_DEVICE_FAMILY = 1;
			};
			name = Debug;
		};
		A77A68D423203AF5005EAC5A /* Release */ = {
			isa = XCBuildConfiguration;
			baseConfigurationReference = 2818C78512A0C001CA6E5E82 /* Pods-SimpleCustoms.release.xcconfig */;
			buildSettings = {
				ASSETCATALOG_COMPILER_APPICON_NAME = AppIcon;
				CODE_SIGN_STYLE = Automatic;
				CURRENT_PROJECT_VERSION = 3;
				DEVELOPMENT_TEAM = UC886LLHAM;
				INFOPLIST_FILE = "$(SRCROOT)/SimpleCustoms/Supporting Files/Info.plist";
				LD_RUNPATH_SEARCH_PATHS = (
					"$(inherited)",
					"@executable_path/Frameworks",
				);
				MARKETING_VERSION = 2.0;
				PRODUCT_BUNDLE_IDENTIFIER = ru.gazya.SimpleCustoms;
				PRODUCT_NAME = "$(TARGET_NAME)";
				SWIFT_VERSION = 5.0;
				TARGETED_DEVICE_FAMILY = 1;
			};
			name = Release;
		};
/* End XCBuildConfiguration section */

/* Begin XCConfigurationList section */
		A7655FB923B7AAC100CD7120 /* Build configuration list for PBXNativeTarget "SimpleCustomsTests" */ = {
			isa = XCConfigurationList;
			buildConfigurations = (
				A7655FB723B7AAC100CD7120 /* Debug */,
				A7655FB823B7AAC100CD7120 /* Release */,
			);
			defaultConfigurationIsVisible = 0;
			defaultConfigurationName = Release;
		};
		A77A68BB23203AF4005EAC5A /* Build configuration list for PBXProject "SimpleCustoms" */ = {
			isa = XCConfigurationList;
			buildConfigurations = (
				A77A68D023203AF5005EAC5A /* Debug */,
				A77A68D123203AF5005EAC5A /* Release */,
			);
			defaultConfigurationIsVisible = 0;
			defaultConfigurationName = Release;
		};
		A77A68D223203AF5005EAC5A /* Build configuration list for PBXNativeTarget "SimpleCustoms" */ = {
			isa = XCConfigurationList;
			buildConfigurations = (
				A77A68D323203AF5005EAC5A /* Debug */,
				A77A68D423203AF5005EAC5A /* Release */,
			);
			defaultConfigurationIsVisible = 0;
			defaultConfigurationName = Release;
		};
/* End XCConfigurationList section */
	};
	rootObject = A77A68B823203AF4005EAC5A /* Project object */;
}
